// !$*UTF8*$!
{
	archiveVersion = 1;
	classes = {
	};
	objectVersion = 55;
	objects = {

/* Begin PBXBuildFile section */
		2F23F694296FBA8B003FECF4 /* Role.swift in Sources */ = {isa = PBXBuildFile; fileRef = 2F23F693296FBA8B003FECF4 /* Role.swift */; };
		2F23F696296FBA92003FECF4 /* Member.swift in Sources */ = {isa = PBXBuildFile; fileRef = 2F23F695296FBA92003FECF4 /* Member.swift */; };
		2F23F698296FBAA3003FECF4 /* MemberList.swift in Sources */ = {isa = PBXBuildFile; fileRef = 2F23F697296FBAA3003FECF4 /* MemberList.swift */; };
		2F23F69A296FBAFB003FECF4 /* Member+Views.swift in Sources */ = {isa = PBXBuildFile; fileRef = 2F23F699296FBAFB003FECF4 /* Member+Views.swift */; };
		2FE2A28C2996E057005CB0BC /* PaulSchmiedmayer in Frameworks */ = {isa = PBXBuildFile; productRef = 2FE2A28B2996E057005CB0BC /* PaulSchmiedmayer */; };
		2FE2A28F2996FDED005CB0BC /* AbhinavAgarwal in Frameworks */ = {isa = PBXBuildFile; productRef = 2FE2A28E2996FDED005CB0BC /* AbhinavAgarwal */; };
		2FE2A2912996FDED005CB0BC /* AdamZhao in Frameworks */ = {isa = PBXBuildFile; productRef = 2FE2A2902996FDED005CB0BC /* AdamZhao */; };
		2FE2A2932996FDED005CB0BC /* AlexisLowber in Frameworks */ = {isa = PBXBuildFile; productRef = 2FE2A2922996FDED005CB0BC /* AlexisLowber */; };
		2FE2A2952996FDED005CB0BC /* AliMottaghi in Frameworks */ = {isa = PBXBuildFile; productRef = 2FE2A2942996FDED005CB0BC /* AliMottaghi */; };
		2FE2A2972996FDED005CB0BC /* AnanyaVasireddy in Frameworks */ = {isa = PBXBuildFile; productRef = 2FE2A2962996FDED005CB0BC /* AnanyaVasireddy */; };
		2FE2A2992996FDED005CB0BC /* AndyWang in Frameworks */ = {isa = PBXBuildFile; productRef = 2FE2A2982996FDED005CB0BC /* AndyWang */; };
		2FE2A29B2996FDED005CB0BC /* AnushehChaudry in Frameworks */ = {isa = PBXBuildFile; productRef = 2FE2A29A2996FDED005CB0BC /* AnushehChaudry */; };
		2FE2A29D2996FDED005CB0BC /* AshleyGriffin in Frameworks */ = {isa = PBXBuildFile; productRef = 2FE2A29C2996FDED005CB0BC /* AshleyGriffin */; };
		2FE2A29F2996FDED005CB0BC /* AudreyLin in Frameworks */ = {isa = PBXBuildFile; productRef = 2FE2A29E2996FDED005CB0BC /* AudreyLin */; };
		2FE2A2A12996FDED005CB0BC /* BrianPark in Frameworks */ = {isa = PBXBuildFile; productRef = 2FE2A2A02996FDED005CB0BC /* BrianPark */; };
		2FE2A2A32996FDED005CB0BC /* BrookeKrajancich in Frameworks */ = {isa = PBXBuildFile; productRef = 2FE2A2A22996FDED005CB0BC /* BrookeKrajancich */; };
		2FE2A2A52996FDED005CB0BC /* CaitlinKunchur in Frameworks */ = {isa = PBXBuildFile; productRef = 2FE2A2A42996FDED005CB0BC /* CaitlinKunchur */; };
		2FE2A2A72996FDED005CB0BC /* DanielGuo in Frameworks */ = {isa = PBXBuildFile; productRef = 2FE2A2A62996FDED005CB0BC /* DanielGuo */; };
		2FE2A2A92996FDED005CB0BC /* DannyPark in Frameworks */ = {isa = PBXBuildFile; productRef = 2FE2A2A82996FDED005CB0BC /* DannyPark */; };
		2FE2A2AB2996FDED005CB0BC /* EmmyThamakaison in Frameworks */ = {isa = PBXBuildFile; productRef = 2FE2A2AA2996FDED005CB0BC /* EmmyThamakaison */; };
		2FE2A2AD2996FDED005CB0BC /* GriffinSomaratne in Frameworks */ = {isa = PBXBuildFile; productRef = 2FE2A2AC2996FDED005CB0BC /* GriffinSomaratne */; };
		2FE2A2AF2996FDED005CB0BC /* HamedHekmat in Frameworks */ = {isa = PBXBuildFile; productRef = 2FE2A2AE2996FDED005CB0BC /* HamedHekmat */; };
		2FE2A2B12996FDED005CB0BC /* JenMoore in Frameworks */ = {isa = PBXBuildFile; productRef = 2FE2A2B02996FDED005CB0BC /* JenMoore */; };
		2FE2A2B32996FDED005CB0BC /* JenniferXu in Frameworks */ = {isa = PBXBuildFile; productRef = 2FE2A2B22996FDED005CB0BC /* JenniferXu */; };
		2FE2A2B52996FDED005CB0BC /* JiahuiChen in Frameworks */ = {isa = PBXBuildFile; productRef = 2FE2A2B42996FDED005CB0BC /* JiahuiChen */; };
		2FE2A2B72996FDED005CB0BC /* JuliaRhee in Frameworks */ = {isa = PBXBuildFile; productRef = 2FE2A2B62996FDED005CB0BC /* JuliaRhee */; };
		2FE2A2B92996FDED005CB0BC /* JustinWu in Frameworks */ = {isa = PBXBuildFile; productRef = 2FE2A2B82996FDED005CB0BC /* JustinWu */; };
		2FE2A2BB2996FDED005CB0BC /* NatashaKacharia in Frameworks */ = {isa = PBXBuildFile; productRef = 2FE2A2BA2996FDED005CB0BC /* NatashaKacharia */; };
		2FE2A2BD2996FDED005CB0BC /* OliverAalami in Frameworks */ = {isa = PBXBuildFile; productRef = 2FE2A2BC2996FDED005CB0BC /* OliverAalami */; };
		2FE2A2BF2996FDED005CB0BC /* ParthavShergill in Frameworks */ = {isa = PBXBuildFile; productRef = 2FE2A2BE2996FDED005CB0BC /* ParthavShergill */; };
		2FE2A2C12996FDED005CB0BC /* RachelWu in Frameworks */ = {isa = PBXBuildFile; productRef = 2FE2A2C02996FDED005CB0BC /* RachelWu */; };
		2FE2A2C32996FDED005CB0BC /* RajPabari in Frameworks */ = {isa = PBXBuildFile; productRef = 2FE2A2C22996FDED005CB0BC /* RajPabari */; };
		2FE2A2C52996FDED005CB0BC /* RheaMalhotra in Frameworks */ = {isa = PBXBuildFile; productRef = 2FE2A2C42996FDED005CB0BC /* RheaMalhotra */; };
		2FE2A2C72996FDED005CB0BC /* RiyaKarumanchi in Frameworks */ = {isa = PBXBuildFile; productRef = 2FE2A2C62996FDED005CB0BC /* RiyaKarumanchi */; };
		2FE2A2C92996FDED005CB0BC /* SarahBarragan in Frameworks */ = {isa = PBXBuildFile; productRef = 2FE2A2C82996FDED005CB0BC /* SarahBarragan */; };
		2FE2A2CB2996FDED005CB0BC /* SherryXie in Frameworks */ = {isa = PBXBuildFile; productRef = 2FE2A2CA2996FDED005CB0BC /* SherryXie */; };
		2FE2A2CD2996FDED005CB0BC /* ShriyaReddy in Frameworks */ = {isa = PBXBuildFile; productRef = 2FE2A2CC2996FDED005CB0BC /* ShriyaReddy */; };
		2FE2A2CF2996FDED005CB0BC /* SonyaJin in Frameworks */ = {isa = PBXBuildFile; productRef = 2FE2A2CE2996FDED005CB0BC /* SonyaJin */; };
		2FE2A2D12996FDED005CB0BC /* StanleyYang in Frameworks */ = {isa = PBXBuildFile; productRef = 2FE2A2D02996FDED005CB0BC /* StanleyYang */; };
		2FE2A2ED2996FE0D005CB0BC /* AudreyLin.swift in Sources */ = {isa = PBXBuildFile; fileRef = 2FE2A2D22996FE0C005CB0BC /* AudreyLin.swift */; };
		2FE2A2EE2996FE0D005CB0BC /* AnanyaVasireddy.swift in Sources */ = {isa = PBXBuildFile; fileRef = 2FE2A2D32996FE0C005CB0BC /* AnanyaVasireddy.swift */; };
		2FE2A2EF2996FE0D005CB0BC /* ShriyaReddy.swift in Sources */ = {isa = PBXBuildFile; fileRef = 2FE2A2D42996FE0C005CB0BC /* ShriyaReddy.swift */; };
		2FE2A2F02996FE0D005CB0BC /* EmmyThamakaison.swift in Sources */ = {isa = PBXBuildFile; fileRef = 2FE2A2D52996FE0C005CB0BC /* EmmyThamakaison.swift */; };
		2FE2A2F12996FE0D005CB0BC /* AdamZhao.swift in Sources */ = {isa = PBXBuildFile; fileRef = 2FE2A2D62996FE0C005CB0BC /* AdamZhao.swift */; };
		2FE2A2F22996FE0D005CB0BC /* AndyWang.swift in Sources */ = {isa = PBXBuildFile; fileRef = 2FE2A2D72996FE0C005CB0BC /* AndyWang.swift */; };
		2FE2A2F32996FE0D005CB0BC /* ParthavShergill.swift in Sources */ = {isa = PBXBuildFile; fileRef = 2FE2A2D82996FE0C005CB0BC /* ParthavShergill.swift */; };
		2FE2A2F42996FE0D005CB0BC /* JenMoore.swift in Sources */ = {isa = PBXBuildFile; fileRef = 2FE2A2D92996FE0C005CB0BC /* JenMoore.swift */; };
		2FE2A2F52996FE0D005CB0BC /* BrookeKrajancich.swift in Sources */ = {isa = PBXBuildFile; fileRef = 2FE2A2DA2996FE0C005CB0BC /* BrookeKrajancich.swift */; };
		2FE2A2F62996FE0D005CB0BC /* StanleyYang.swift in Sources */ = {isa = PBXBuildFile; fileRef = 2FE2A2DB2996FE0C005CB0BC /* StanleyYang.swift */; };
		2FE2A2F72996FE0D005CB0BC /* DannyPark.swift in Sources */ = {isa = PBXBuildFile; fileRef = 2FE2A2DC2996FE0C005CB0BC /* DannyPark.swift */; };
		2FE2A2F82996FE0D005CB0BC /* SherryXie.swift in Sources */ = {isa = PBXBuildFile; fileRef = 2FE2A2DD2996FE0C005CB0BC /* SherryXie.swift */; };
		2FE2A2F92996FE0D005CB0BC /* AshleyGriffin.swift in Sources */ = {isa = PBXBuildFile; fileRef = 2FE2A2DE2996FE0C005CB0BC /* AshleyGriffin.swift */; };
		2FE2A2FA2996FE0D005CB0BC /* JustinWu.swift in Sources */ = {isa = PBXBuildFile; fileRef = 2FE2A2DF2996FE0C005CB0BC /* JustinWu.swift */; };
		2FE2A2FB2996FE0D005CB0BC /* RajPabari.swift in Sources */ = {isa = PBXBuildFile; fileRef = 2FE2A2E02996FE0C005CB0BC /* RajPabari.swift */; };
		2FE2A2FC2996FE0D005CB0BC /* JiahuiChen.swift in Sources */ = {isa = PBXBuildFile; fileRef = 2FE2A2E12996FE0C005CB0BC /* JiahuiChen.swift */; };
		2FE2A2FD2996FE0D005CB0BC /* AbhinavAgarwal.swift in Sources */ = {isa = PBXBuildFile; fileRef = 2FE2A2E22996FE0C005CB0BC /* AbhinavAgarwal.swift */; };
		2FE2A2FE2996FE0D005CB0BC /* OliverAalami.swift in Sources */ = {isa = PBXBuildFile; fileRef = 2FE2A2E32996FE0C005CB0BC /* OliverAalami.swift */; };
		2FE2A2FF2996FE0D005CB0BC /* CaitlinKunchur.swift in Sources */ = {isa = PBXBuildFile; fileRef = 2FE2A2E42996FE0D005CB0BC /* CaitlinKunchur.swift */; };
		2FE2A3002996FE0D005CB0BC /* HamedHekmat.swift in Sources */ = {isa = PBXBuildFile; fileRef = 2FE2A2E52996FE0D005CB0BC /* HamedHekmat.swift */; };
		2FE2A3012996FE0D005CB0BC /* RiyaKarumanchi.swift in Sources */ = {isa = PBXBuildFile; fileRef = 2FE2A2E62996FE0D005CB0BC /* RiyaKarumanchi.swift */; };
		2FE2A3022996FE0D005CB0BC /* NatashaKacharia.swift in Sources */ = {isa = PBXBuildFile; fileRef = 2FE2A2E72996FE0D005CB0BC /* NatashaKacharia.swift */; };
		2FE2A3032996FE0D005CB0BC /* SonyaJin.swift in Sources */ = {isa = PBXBuildFile; fileRef = 2FE2A2E82996FE0D005CB0BC /* SonyaJin.swift */; };
		2FE2A3042996FE0D005CB0BC /* AnushehChaudry.swift in Sources */ = {isa = PBXBuildFile; fileRef = 2FE2A2E92996FE0D005CB0BC /* AnushehChaudry.swift */; };
		2FE2A3052996FE0D005CB0BC /* JenniferXu.swift in Sources */ = {isa = PBXBuildFile; fileRef = 2FE2A2EA2996FE0D005CB0BC /* JenniferXu.swift */; };
		2FE2A3062996FE0D005CB0BC /* RheaMalhotra.swift in Sources */ = {isa = PBXBuildFile; fileRef = 2FE2A2EB2996FE0D005CB0BC /* RheaMalhotra.swift */; };
		2FE2A3072996FE0D005CB0BC /* DanielGuo.swift in Sources */ = {isa = PBXBuildFile; fileRef = 2FE2A2EC2996FE0D005CB0BC /* DanielGuo.swift */; };
		2FE2A3082996FE13005CB0BC /* PaulSchmiedmayer.swift in Sources */ = {isa = PBXBuildFile; fileRef = 2F23F6B129700C7B003FECF4 /* PaulSchmiedmayer.swift */; };
		2FE2A3092996FE1E005CB0BC /* CS342ApplicationUITests.swift in Sources */ = {isa = PBXBuildFile; fileRef = 2F23F6AF296FFFF1003FECF4 /* CS342ApplicationUITests.swift */; };
		2FE2A30A2996FE25005CB0BC /* GriffinSomaratne.swift in Sources */ = {isa = PBXBuildFile; fileRef = 5A410272298382CC006D1303 /* GriffinSomaratne.swift */; };
		2FE2A30B2996FE29005CB0BC /* StudentsUITests.swift in Sources */ = {isa = PBXBuildFile; fileRef = 23FFF502297EFF88007386C6 /* StudentsUITests.swift */; };
		2FE2A30C2996FE2C005CB0BC /* InstructorsUITests.swift in Sources */ = {isa = PBXBuildFile; fileRef = 2F23F6AD296FFBAA003FECF4 /* InstructorsUITests.swift */; };
		2FE2A30D2996FE2F005CB0BC /* LeadsUITests.swift in Sources */ = {isa = PBXBuildFile; fileRef = 2FC8A09C297A34C300479145 /* LeadsUITests.swift */; };
		2FE2A30E2996FE32005CB0BC /* StudentUITests.swift in Sources */ = {isa = PBXBuildFile; fileRef = A63D2378297FAC9A00342971 /* StudentUITests.swift */; };
		653A2551283387FE005D4D48 /* CS342Application.swift in Sources */ = {isa = PBXBuildFile; fileRef = 653A2550283387FE005D4D48 /* CS342Application.swift */; };
		653A256228338800005D4D48 /* CS342ApplicationTests.swift in Sources */ = {isa = PBXBuildFile; fileRef = 653A256128338800005D4D48 /* CS342ApplicationTests.swift */; };
/* End PBXBuildFile section */

/* Begin PBXContainerItemProxy section */
		653A255E28338800005D4D48 /* PBXContainerItemProxy */ = {
			isa = PBXContainerItemProxy;
			containerPortal = 653A2545283387FE005D4D48 /* Project object */;
			proxyType = 1;
			remoteGlobalIDString = 653A254C283387FE005D4D48;
			remoteInfo = CS342Application;
		};
		653A256828338800005D4D48 /* PBXContainerItemProxy */ = {
			isa = PBXContainerItemProxy;
			containerPortal = 653A2545283387FE005D4D48 /* Project object */;
			proxyType = 1;
			remoteGlobalIDString = 653A254C283387FE005D4D48;
			remoteInfo = CS342Application;
		};
/* End PBXContainerItemProxy section */

/* Begin PBXFileReference section */
		23FFF502297EFF88007386C6 /* StudentsUITests.swift */ = {isa = PBXFileReference; lastKnownFileType = sourcecode.swift; path = StudentsUITests.swift; sourceTree = "<group>"; };
		2F23F690296FB11D003FECF4 /* CS342MemberViews */ = {isa = PBXFileReference; lastKnownFileType = wrapper; path = CS342MemberViews; sourceTree = "<group>"; };
		2F23F693296FBA8B003FECF4 /* Role.swift */ = {isa = PBXFileReference; lastKnownFileType = sourcecode.swift; path = Role.swift; sourceTree = "<group>"; };
		2F23F695296FBA92003FECF4 /* Member.swift */ = {isa = PBXFileReference; lastKnownFileType = sourcecode.swift; path = Member.swift; sourceTree = "<group>"; };
		2F23F697296FBAA3003FECF4 /* MemberList.swift */ = {isa = PBXFileReference; lastKnownFileType = sourcecode.swift; path = MemberList.swift; sourceTree = "<group>"; };
		2F23F699296FBAFB003FECF4 /* Member+Views.swift */ = {isa = PBXFileReference; lastKnownFileType = sourcecode.swift; path = "Member+Views.swift"; sourceTree = "<group>"; };
		2F23F6AD296FFBAA003FECF4 /* InstructorsUITests.swift */ = {isa = PBXFileReference; lastKnownFileType = sourcecode.swift; path = InstructorsUITests.swift; sourceTree = "<group>"; };
		2F23F6AF296FFFF1003FECF4 /* CS342ApplicationUITests.swift */ = {isa = PBXFileReference; lastKnownFileType = sourcecode.swift; path = CS342ApplicationUITests.swift; sourceTree = "<group>"; };
		2F23F6B129700C7B003FECF4 /* PaulSchmiedmayer.swift */ = {isa = PBXFileReference; lastKnownFileType = sourcecode.swift; path = PaulSchmiedmayer.swift; sourceTree = "<group>"; };
		2FC8A09C297A34C300479145 /* LeadsUITests.swift */ = {isa = PBXFileReference; fileEncoding = 4; lastKnownFileType = sourcecode.swift; path = LeadsUITests.swift; sourceTree = "<group>"; };
		2FE2A2D22996FE0C005CB0BC /* AudreyLin.swift */ = {isa = PBXFileReference; fileEncoding = 4; lastKnownFileType = sourcecode.swift; path = AudreyLin.swift; sourceTree = "<group>"; };
		2FE2A2D32996FE0C005CB0BC /* AnanyaVasireddy.swift */ = {isa = PBXFileReference; fileEncoding = 4; lastKnownFileType = sourcecode.swift; path = AnanyaVasireddy.swift; sourceTree = "<group>"; };
		2FE2A2D42996FE0C005CB0BC /* ShriyaReddy.swift */ = {isa = PBXFileReference; fileEncoding = 4; lastKnownFileType = sourcecode.swift; path = ShriyaReddy.swift; sourceTree = "<group>"; };
		2FE2A2D52996FE0C005CB0BC /* EmmyThamakaison.swift */ = {isa = PBXFileReference; fileEncoding = 4; lastKnownFileType = sourcecode.swift; path = EmmyThamakaison.swift; sourceTree = "<group>"; };
		2FE2A2D62996FE0C005CB0BC /* AdamZhao.swift */ = {isa = PBXFileReference; fileEncoding = 4; lastKnownFileType = sourcecode.swift; path = AdamZhao.swift; sourceTree = "<group>"; };
		2FE2A2D72996FE0C005CB0BC /* AndyWang.swift */ = {isa = PBXFileReference; fileEncoding = 4; lastKnownFileType = sourcecode.swift; path = AndyWang.swift; sourceTree = "<group>"; };
		2FE2A2D82996FE0C005CB0BC /* ParthavShergill.swift */ = {isa = PBXFileReference; fileEncoding = 4; lastKnownFileType = sourcecode.swift; path = ParthavShergill.swift; sourceTree = "<group>"; };
		2FE2A2D92996FE0C005CB0BC /* JenMoore.swift */ = {isa = PBXFileReference; fileEncoding = 4; lastKnownFileType = sourcecode.swift; path = JenMoore.swift; sourceTree = "<group>"; };
		2FE2A2DA2996FE0C005CB0BC /* BrookeKrajancich.swift */ = {isa = PBXFileReference; fileEncoding = 4; lastKnownFileType = sourcecode.swift; path = BrookeKrajancich.swift; sourceTree = "<group>"; };
		2FE2A2DB2996FE0C005CB0BC /* StanleyYang.swift */ = {isa = PBXFileReference; fileEncoding = 4; lastKnownFileType = sourcecode.swift; path = StanleyYang.swift; sourceTree = "<group>"; };
		2FE2A2DC2996FE0C005CB0BC /* DannyPark.swift */ = {isa = PBXFileReference; fileEncoding = 4; lastKnownFileType = sourcecode.swift; path = DannyPark.swift; sourceTree = "<group>"; };
		2FE2A2DD2996FE0C005CB0BC /* SherryXie.swift */ = {isa = PBXFileReference; fileEncoding = 4; lastKnownFileType = sourcecode.swift; path = SherryXie.swift; sourceTree = "<group>"; };
		2FE2A2DE2996FE0C005CB0BC /* AshleyGriffin.swift */ = {isa = PBXFileReference; fileEncoding = 4; lastKnownFileType = sourcecode.swift; path = AshleyGriffin.swift; sourceTree = "<group>"; };
		2FE2A2DF2996FE0C005CB0BC /* JustinWu.swift */ = {isa = PBXFileReference; fileEncoding = 4; lastKnownFileType = sourcecode.swift; path = JustinWu.swift; sourceTree = "<group>"; };
		2FE2A2E02996FE0C005CB0BC /* RajPabari.swift */ = {isa = PBXFileReference; fileEncoding = 4; lastKnownFileType = sourcecode.swift; path = RajPabari.swift; sourceTree = "<group>"; };
		2FE2A2E12996FE0C005CB0BC /* JiahuiChen.swift */ = {isa = PBXFileReference; fileEncoding = 4; lastKnownFileType = sourcecode.swift; path = JiahuiChen.swift; sourceTree = "<group>"; };
		2FE2A2E22996FE0C005CB0BC /* AbhinavAgarwal.swift */ = {isa = PBXFileReference; fileEncoding = 4; lastKnownFileType = sourcecode.swift; path = AbhinavAgarwal.swift; sourceTree = "<group>"; };
		2FE2A2E32996FE0C005CB0BC /* OliverAalami.swift */ = {isa = PBXFileReference; fileEncoding = 4; lastKnownFileType = sourcecode.swift; path = OliverAalami.swift; sourceTree = "<group>"; };
		2FE2A2E42996FE0D005CB0BC /* CaitlinKunchur.swift */ = {isa = PBXFileReference; fileEncoding = 4; lastKnownFileType = sourcecode.swift; path = CaitlinKunchur.swift; sourceTree = "<group>"; };
		2FE2A2E52996FE0D005CB0BC /* HamedHekmat.swift */ = {isa = PBXFileReference; fileEncoding = 4; lastKnownFileType = sourcecode.swift; path = HamedHekmat.swift; sourceTree = "<group>"; };
		2FE2A2E62996FE0D005CB0BC /* RiyaKarumanchi.swift */ = {isa = PBXFileReference; fileEncoding = 4; lastKnownFileType = sourcecode.swift; path = RiyaKarumanchi.swift; sourceTree = "<group>"; };
		2FE2A2E72996FE0D005CB0BC /* NatashaKacharia.swift */ = {isa = PBXFileReference; fileEncoding = 4; lastKnownFileType = sourcecode.swift; path = NatashaKacharia.swift; sourceTree = "<group>"; };
		2FE2A2E82996FE0D005CB0BC /* SonyaJin.swift */ = {isa = PBXFileReference; fileEncoding = 4; lastKnownFileType = sourcecode.swift; path = SonyaJin.swift; sourceTree = "<group>"; };
		2FE2A2E92996FE0D005CB0BC /* AnushehChaudry.swift */ = {isa = PBXFileReference; fileEncoding = 4; lastKnownFileType = sourcecode.swift; path = AnushehChaudry.swift; sourceTree = "<group>"; };
		2FE2A2EA2996FE0D005CB0BC /* JenniferXu.swift */ = {isa = PBXFileReference; fileEncoding = 4; lastKnownFileType = sourcecode.swift; path = JenniferXu.swift; sourceTree = "<group>"; };
		2FE2A2EB2996FE0D005CB0BC /* RheaMalhotra.swift */ = {isa = PBXFileReference; fileEncoding = 4; lastKnownFileType = sourcecode.swift; path = RheaMalhotra.swift; sourceTree = "<group>"; };
		2FE2A2EC2996FE0D005CB0BC /* DanielGuo.swift */ = {isa = PBXFileReference; fileEncoding = 4; lastKnownFileType = sourcecode.swift; path = DanielGuo.swift; sourceTree = "<group>"; };
		5A410272298382CC006D1303 /* GriffinSomaratne.swift */ = {isa = PBXFileReference; fileEncoding = 4; lastKnownFileType = sourcecode.swift; path = GriffinSomaratne.swift; sourceTree = "<group>"; };
		653A254D283387FE005D4D48 /* CS342Application.app */ = {isa = PBXFileReference; explicitFileType = wrapper.application; includeInIndex = 0; path = CS342Application.app; sourceTree = BUILT_PRODUCTS_DIR; };
		653A2550283387FE005D4D48 /* CS342Application.swift */ = {isa = PBXFileReference; lastKnownFileType = sourcecode.swift; path = CS342Application.swift; sourceTree = "<group>"; };
		653A255D28338800005D4D48 /* CS342ApplicationTests.xctest */ = {isa = PBXFileReference; explicitFileType = wrapper.cfbundle; includeInIndex = 0; path = CS342ApplicationTests.xctest; sourceTree = BUILT_PRODUCTS_DIR; };
		653A256128338800005D4D48 /* CS342ApplicationTests.swift */ = {isa = PBXFileReference; lastKnownFileType = sourcecode.swift; path = CS342ApplicationTests.swift; sourceTree = "<group>"; };
		653A256728338800005D4D48 /* CS342ApplicationUITests.xctest */ = {isa = PBXFileReference; explicitFileType = wrapper.cfbundle; includeInIndex = 0; path = CS342ApplicationUITests.xctest; sourceTree = BUILT_PRODUCTS_DIR; };
		653A258928339462005D4D48 /* Info.plist */ = {isa = PBXFileReference; lastKnownFileType = text.plist.xml; path = Info.plist; sourceTree = "<group>"; };
		A63D2378297FAC9A00342971 /* StudentUITests.swift */ = {isa = PBXFileReference; lastKnownFileType = sourcecode.swift; path = StudentUITests.swift; sourceTree = "<group>"; };
		B96C6161297DB29100D25FBA /* Assets.xcassets */ = {isa = PBXFileReference; lastKnownFileType = folder.assetcatalog; path = Assets.xcassets; sourceTree = "<group>"; };
/* End PBXFileReference section */

/* Begin PBXFrameworksBuildPhase section */
		653A254A283387FE005D4D48 /* Frameworks */ = {
			isa = PBXFrameworksBuildPhase;
			buildActionMask = 2147483647;
			files = (
				2FE2A2CD2996FDED005CB0BC /* ShriyaReddy in Frameworks */,
				2FE2A2B32996FDED005CB0BC /* JenniferXu in Frameworks */,
				2FE2A2C32996FDED005CB0BC /* RajPabari in Frameworks */,
				2FE2A2D12996FDED005CB0BC /* StanleyYang in Frameworks */,
				2FE2A2BF2996FDED005CB0BC /* ParthavShergill in Frameworks */,
				2FE2A2B52996FDED005CB0BC /* JiahuiChen in Frameworks */,
				2FE2A2BD2996FDED005CB0BC /* OliverAalami in Frameworks */,
				2FE2A29F2996FDED005CB0BC /* AudreyLin in Frameworks */,
				2FE2A2972996FDED005CB0BC /* AnanyaVasireddy in Frameworks */,
				2FE2A2992996FDED005CB0BC /* AndyWang in Frameworks */,
				2FE2A2CF2996FDED005CB0BC /* SonyaJin in Frameworks */,
				2FE2A29B2996FDED005CB0BC /* AnushehChaudry in Frameworks */,
				2FE2A28F2996FDED005CB0BC /* AbhinavAgarwal in Frameworks */,
				2FE2A2932996FDED005CB0BC /* AlexisLowber in Frameworks */,
				2FE2A2B72996FDED005CB0BC /* JuliaRhee in Frameworks */,
				2FE2A2CB2996FDED005CB0BC /* SherryXie in Frameworks */,
				2FE2A2AD2996FDED005CB0BC /* GriffinSomaratne in Frameworks */,
				2FE2A29D2996FDED005CB0BC /* AshleyGriffin in Frameworks */,
				2FE2A2BB2996FDED005CB0BC /* NatashaKacharia in Frameworks */,
				2FE2A2B12996FDED005CB0BC /* JenMoore in Frameworks */,
				2FE2A2AB2996FDED005CB0BC /* EmmyThamakaison in Frameworks */,
				2FE2A2C12996FDED005CB0BC /* RachelWu in Frameworks */,
				2FE2A2C92996FDED005CB0BC /* SarahBarragan in Frameworks */,
				2FE2A2B92996FDED005CB0BC /* JustinWu in Frameworks */,
				2FE2A2A12996FDED005CB0BC /* BrianPark in Frameworks */,
				2FE2A2AF2996FDED005CB0BC /* HamedHekmat in Frameworks */,
				2FE2A2A52996FDED005CB0BC /* CaitlinKunchur in Frameworks */,
				2FE2A2A32996FDED005CB0BC /* BrookeKrajancich in Frameworks */,
				2FE2A2952996FDED005CB0BC /* AliMottaghi in Frameworks */,
				2FE2A2912996FDED005CB0BC /* AdamZhao in Frameworks */,
				2FE2A28C2996E057005CB0BC /* PaulSchmiedmayer in Frameworks */,
				2FE2A2C72996FDED005CB0BC /* RiyaKarumanchi in Frameworks */,
				2FE2A2C52996FDED005CB0BC /* RheaMalhotra in Frameworks */,
				2FE2A2A72996FDED005CB0BC /* DanielGuo in Frameworks */,
				2FE2A2A92996FDED005CB0BC /* DannyPark in Frameworks */,
			);
			runOnlyForDeploymentPostprocessing = 0;
		};
		653A255A28338800005D4D48 /* Frameworks */ = {
			isa = PBXFrameworksBuildPhase;
			buildActionMask = 2147483647;
			files = (
			);
			runOnlyForDeploymentPostprocessing = 0;
		};
		653A256428338800005D4D48 /* Frameworks */ = {
			isa = PBXFrameworksBuildPhase;
			buildActionMask = 2147483647;
			files = (
			);
			runOnlyForDeploymentPostprocessing = 0;
		};
/* End PBXFrameworksBuildPhase section */

/* Begin PBXGroup section */
		2324B67F297D972200C8D549 /* Frameworks */ = {
			isa = PBXGroup;
			children = (
			);
			name = Frameworks;
			sourceTree = "<group>";
		};
		2F23F69B296FBB4C003FECF4 /* Models */ = {
			isa = PBXGroup;
			children = (
				2F23F693296FBA8B003FECF4 /* Role.swift */,
				2F23F695296FBA92003FECF4 /* Member.swift */,
			);
			path = Models;
			sourceTree = "<group>";
		};
		2F23F69C296FBB5B003FECF4 /* Views */ = {
			isa = PBXGroup;
			children = (
				2F23F697296FBAA3003FECF4 /* MemberList.swift */,
				2F23F699296FBAFB003FECF4 /* Member+Views.swift */,
			);
			path = Views;
			sourceTree = "<group>";
		};
		2F23F6B329700C7F003FECF4 /* MemberViews */ = {
			isa = PBXGroup;
			children = (
				2F23F6B129700C7B003FECF4 /* PaulSchmiedmayer.swift */,
				2FE2A2E22996FE0C005CB0BC /* AbhinavAgarwal.swift */,
				2FE2A2D62996FE0C005CB0BC /* AdamZhao.swift */,
				2FE2A2D32996FE0C005CB0BC /* AnanyaVasireddy.swift */,
				2FE2A2D72996FE0C005CB0BC /* AndyWang.swift */,
				2FE2A2E92996FE0D005CB0BC /* AnushehChaudry.swift */,
				2FE2A2DE2996FE0C005CB0BC /* AshleyGriffin.swift */,
				2FE2A2D22996FE0C005CB0BC /* AudreyLin.swift */,
				2FE2A2DA2996FE0C005CB0BC /* BrookeKrajancich.swift */,
				2FE2A2E42996FE0D005CB0BC /* CaitlinKunchur.swift */,
				2FE2A2EC2996FE0D005CB0BC /* DanielGuo.swift */,
				2FE2A2DC2996FE0C005CB0BC /* DannyPark.swift */,
				2FE2A2D52996FE0C005CB0BC /* EmmyThamakaison.swift */,
				2FE2A2E52996FE0D005CB0BC /* HamedHekmat.swift */,
				2FE2A2D92996FE0C005CB0BC /* JenMoore.swift */,
				2FE2A2EA2996FE0D005CB0BC /* JenniferXu.swift */,
				2FE2A2E12996FE0C005CB0BC /* JiahuiChen.swift */,
				2FE2A2DF2996FE0C005CB0BC /* JustinWu.swift */,
				2FE2A2E72996FE0D005CB0BC /* NatashaKacharia.swift */,
				2FE2A2E32996FE0C005CB0BC /* OliverAalami.swift */,
				2FE2A2D82996FE0C005CB0BC /* ParthavShergill.swift */,
				2FE2A2E02996FE0C005CB0BC /* RajPabari.swift */,
				2FE2A2EB2996FE0D005CB0BC /* RheaMalhotra.swift */,
				5A410272298382CC006D1303 /* GriffinSomaratne.swift */,
				2FE2A2E62996FE0D005CB0BC /* RiyaKarumanchi.swift */,
				2FE2A2DD2996FE0C005CB0BC /* SherryXie.swift */,
				2FE2A2D42996FE0C005CB0BC /* ShriyaReddy.swift */,
				2FE2A2E82996FE0D005CB0BC /* SonyaJin.swift */,
				2FE2A2DB2996FE0C005CB0BC /* StanleyYang.swift */,
			);
			path = MemberViews;
			sourceTree = "<group>";
		};
		653A2544283387FE005D4D48 = {
			isa = PBXGroup;
			children = (
				2F23F690296FB11D003FECF4 /* CS342MemberViews */,
				653A254F283387FE005D4D48 /* CS342Application */,
				653A256028338800005D4D48 /* CS342ApplicationTests */,
				653A256A28338800005D4D48 /* CS342ApplicationUITests */,
				653A254E283387FE005D4D48 /* Products */,
				2324B67F297D972200C8D549 /* Frameworks */,
			);
			sourceTree = "<group>";
		};
		653A254E283387FE005D4D48 /* Products */ = {
			isa = PBXGroup;
			children = (
				653A254D283387FE005D4D48 /* CS342Application.app */,
				653A255D28338800005D4D48 /* CS342ApplicationTests.xctest */,
				653A256728338800005D4D48 /* CS342ApplicationUITests.xctest */,
			);
			name = Products;
			sourceTree = "<group>";
		};
		653A254F283387FE005D4D48 /* CS342Application */ = {
			isa = PBXGroup;
			children = (
				653A2550283387FE005D4D48 /* CS342Application.swift */,
				2F23F69B296FBB4C003FECF4 /* Models */,
				2F23F69C296FBB5B003FECF4 /* Views */,
				B96C6161297DB29100D25FBA /* Assets.xcassets */,
				653A258928339462005D4D48 /* Info.plist */,
			);
			path = CS342Application;
			sourceTree = "<group>";
		};
		653A256028338800005D4D48 /* CS342ApplicationTests */ = {
			isa = PBXGroup;
			children = (
				653A256128338800005D4D48 /* CS342ApplicationTests.swift */,
			);
			path = CS342ApplicationTests;
			sourceTree = "<group>";
		};
		653A256A28338800005D4D48 /* CS342ApplicationUITests */ = {
			isa = PBXGroup;
			children = (
				2F23F6B329700C7F003FECF4 /* MemberViews */,
				2F23F6AF296FFFF1003FECF4 /* CS342ApplicationUITests.swift */,
				23FFF502297EFF88007386C6 /* StudentsUITests.swift */,
				2F23F6AD296FFBAA003FECF4 /* InstructorsUITests.swift */,
				2FC8A09C297A34C300479145 /* LeadsUITests.swift */,
				A63D2378297FAC9A00342971 /* StudentUITests.swift */,
			);
			path = CS342ApplicationUITests;
			sourceTree = "<group>";
		};
/* End PBXGroup section */

/* Begin PBXNativeTarget section */
		653A254C283387FE005D4D48 /* CS342Application */ = {
			isa = PBXNativeTarget;
			buildConfigurationList = 653A257128338800005D4D48 /* Build configuration list for PBXNativeTarget "CS342Application" */;
			buildPhases = (
				653A2549283387FE005D4D48 /* Sources */,
				653A254A283387FE005D4D48 /* Frameworks */,
				2F3815C0297943EF00B8755D /* ShellScript */,
			);
			buildRules = (
			);
			dependencies = (
			);
			name = CS342Application;
			packageProductDependencies = (
				2FE2A28B2996E057005CB0BC /* PaulSchmiedmayer */,
				2FE2A28E2996FDED005CB0BC /* AbhinavAgarwal */,
				2FE2A2902996FDED005CB0BC /* AdamZhao */,
				2FE2A2922996FDED005CB0BC /* AlexisLowber */,
				2FE2A2942996FDED005CB0BC /* AliMottaghi */,
				2FE2A2962996FDED005CB0BC /* AnanyaVasireddy */,
				2FE2A2982996FDED005CB0BC /* AndyWang */,
				2FE2A29A2996FDED005CB0BC /* AnushehChaudry */,
				2FE2A29C2996FDED005CB0BC /* AshleyGriffin */,
				2FE2A29E2996FDED005CB0BC /* AudreyLin */,
				2FE2A2A02996FDED005CB0BC /* BrianPark */,
				2FE2A2A22996FDED005CB0BC /* BrookeKrajancich */,
				2FE2A2A42996FDED005CB0BC /* CaitlinKunchur */,
				2FE2A2A62996FDED005CB0BC /* DanielGuo */,
				2FE2A2A82996FDED005CB0BC /* DannyPark */,
				2FE2A2AA2996FDED005CB0BC /* EmmyThamakaison */,
				2FE2A2AC2996FDED005CB0BC /* GriffinSomaratne */,
				2FE2A2AE2996FDED005CB0BC /* HamedHekmat */,
				2FE2A2B02996FDED005CB0BC /* JenMoore */,
				2FE2A2B22996FDED005CB0BC /* JenniferXu */,
				2FE2A2B42996FDED005CB0BC /* JiahuiChen */,
				2FE2A2B62996FDED005CB0BC /* JuliaRhee */,
				2FE2A2B82996FDED005CB0BC /* JustinWu */,
				2FE2A2BA2996FDED005CB0BC /* NatashaKacharia */,
				2FE2A2BC2996FDED005CB0BC /* OliverAalami */,
				2FE2A2BE2996FDED005CB0BC /* ParthavShergill */,
				2FE2A2C02996FDED005CB0BC /* RachelWu */,
				2FE2A2C22996FDED005CB0BC /* RajPabari */,
				2FE2A2C42996FDED005CB0BC /* RheaMalhotra */,
				2FE2A2C62996FDED005CB0BC /* RiyaKarumanchi */,
				2FE2A2C82996FDED005CB0BC /* SarahBarragan */,
				2FE2A2CA2996FDED005CB0BC /* SherryXie */,
				2FE2A2CC2996FDED005CB0BC /* ShriyaReddy */,
				2FE2A2CE2996FDED005CB0BC /* SonyaJin */,
				2FE2A2D02996FDED005CB0BC /* StanleyYang */,
			);
			productName = CS342Application;
			productReference = 653A254D283387FE005D4D48 /* CS342Application.app */;
			productType = "com.apple.product-type.application";
		};
		653A255C28338800005D4D48 /* CS342ApplicationTests */ = {
			isa = PBXNativeTarget;
			buildConfigurationList = 653A257428338800005D4D48 /* Build configuration list for PBXNativeTarget "CS342ApplicationTests" */;
			buildPhases = (
				653A255928338800005D4D48 /* Sources */,
				653A255A28338800005D4D48 /* Frameworks */,
				653A255B28338800005D4D48 /* Resources */,
			);
			buildRules = (
			);
			dependencies = (
				653A255F28338800005D4D48 /* PBXTargetDependency */,
			);
			name = CS342ApplicationTests;
			productName = CS342ApplicationTests;
			productReference = 653A255D28338800005D4D48 /* CS342ApplicationTests.xctest */;
			productType = "com.apple.product-type.bundle.unit-test";
		};
		653A256628338800005D4D48 /* CS342ApplicationUITests */ = {
			isa = PBXNativeTarget;
			buildConfigurationList = 653A257728338800005D4D48 /* Build configuration list for PBXNativeTarget "CS342ApplicationUITests" */;
			buildPhases = (
				653A256328338800005D4D48 /* Sources */,
				653A256428338800005D4D48 /* Frameworks */,
				653A256528338800005D4D48 /* Resources */,
			);
			buildRules = (
			);
			dependencies = (
				653A256928338800005D4D48 /* PBXTargetDependency */,
			);
			name = CS342ApplicationUITests;
			packageProductDependencies = (
			);
			productName = CS342ApplicationUITests;
			productReference = 653A256728338800005D4D48 /* CS342ApplicationUITests.xctest */;
			productType = "com.apple.product-type.bundle.ui-testing";
		};
/* End PBXNativeTarget section */

/* Begin PBXProject section */
		653A2545283387FE005D4D48 /* Project object */ = {
			isa = PBXProject;
			attributes = {
				BuildIndependentTargetsInParallel = 1;
				LastSwiftUpdateCheck = 1340;
				LastUpgradeCheck = 1340;
				TargetAttributes = {
					653A254C283387FE005D4D48 = {
						CreatedOnToolsVersion = 13.4;
					};
					653A255C28338800005D4D48 = {
						CreatedOnToolsVersion = 13.4;
						TestTargetID = 653A254C283387FE005D4D48;
					};
					653A256628338800005D4D48 = {
						CreatedOnToolsVersion = 13.4;
						LastSwiftMigration = 1420;
						TestTargetID = 653A254C283387FE005D4D48;
					};
				};
			};
			buildConfigurationList = 653A2548283387FE005D4D48 /* Build configuration list for PBXProject "CS342Application" */;
			compatibilityVersion = "Xcode 13.0";
			developmentRegion = en;
			hasScannedForEncodings = 0;
			knownRegions = (
				en,
				Base,
			);
			mainGroup = 653A2544283387FE005D4D48;
			packageReferences = (
			);
			productRefGroup = 653A254E283387FE005D4D48 /* Products */;
			projectDirPath = "";
			projectRoot = "";
			targets = (
				653A254C283387FE005D4D48 /* CS342Application */,
				653A255C28338800005D4D48 /* CS342ApplicationTests */,
				653A256628338800005D4D48 /* CS342ApplicationUITests */,
			);
		};
/* End PBXProject section */

/* Begin PBXResourcesBuildPhase section */
		653A255B28338800005D4D48 /* Resources */ = {
			isa = PBXResourcesBuildPhase;
			buildActionMask = 2147483647;
			files = (
			);
			runOnlyForDeploymentPostprocessing = 0;
		};
		653A256528338800005D4D48 /* Resources */ = {
			isa = PBXResourcesBuildPhase;
			buildActionMask = 2147483647;
			files = (
			);
			runOnlyForDeploymentPostprocessing = 0;
		};
/* End PBXResourcesBuildPhase section */

/* Begin PBXShellScriptBuildPhase section */
		2F3815C0297943EF00B8755D /* ShellScript */ = {
			isa = PBXShellScriptBuildPhase;
			alwaysOutOfDate = 1;
			buildActionMask = 2147483647;
			files = (
			);
			inputFileListPaths = (
			);
			inputPaths = (
			);
			outputFileListPaths = (
			);
			outputPaths = (
			);
			runOnlyForDeploymentPostprocessing = 0;
			shellPath = /bin/sh;
			shellScript = "export PATH=\"$PATH:/opt/homebrew/bin\"\nif which swiftlint > /dev/null; then\n  swiftlint\nelse\n  echo \"warning: SwiftLint not installed, download from https://github.com/realm/SwiftLint\"\nfi\n";
		};
/* End PBXShellScriptBuildPhase section */

/* Begin PBXSourcesBuildPhase section */
		653A2549283387FE005D4D48 /* Sources */ = {
			isa = PBXSourcesBuildPhase;
			buildActionMask = 2147483647;
			files = (
				653A2551283387FE005D4D48 /* CS342Application.swift in Sources */,
				2F23F69A296FBAFB003FECF4 /* Member+Views.swift in Sources */,
				2F23F696296FBA92003FECF4 /* Member.swift in Sources */,
				2F23F694296FBA8B003FECF4 /* Role.swift in Sources */,
				2F23F698296FBAA3003FECF4 /* MemberList.swift in Sources */,
			);
			runOnlyForDeploymentPostprocessing = 0;
		};
		653A255928338800005D4D48 /* Sources */ = {
			isa = PBXSourcesBuildPhase;
			buildActionMask = 2147483647;
			files = (
				653A256228338800005D4D48 /* CS342ApplicationTests.swift in Sources */,
			);
			runOnlyForDeploymentPostprocessing = 0;
		};
		653A256328338800005D4D48 /* Sources */ = {
			isa = PBXSourcesBuildPhase;
			buildActionMask = 2147483647;
			files = (
				2FE2A2F52996FE0D005CB0BC /* BrookeKrajancich.swift in Sources */,
				2FE2A3052996FE0D005CB0BC /* JenniferXu.swift in Sources */,
				2FE2A2FD2996FE0D005CB0BC /* AbhinavAgarwal.swift in Sources */,
				2FE2A3022996FE0D005CB0BC /* NatashaKacharia.swift in Sources */,
				2FE2A30A2996FE25005CB0BC /* GriffinSomaratne.swift in Sources */,
				2FE2A3042996FE0D005CB0BC /* AnushehChaudry.swift in Sources */,
				2FE2A2F42996FE0D005CB0BC /* JenMoore.swift in Sources */,
				2FE2A3072996FE0D005CB0BC /* DanielGuo.swift in Sources */,
				2FE2A2FA2996FE0D005CB0BC /* JustinWu.swift in Sources */,
				2FE2A2FC2996FE0D005CB0BC /* JiahuiChen.swift in Sources */,
				2FE2A2F72996FE0D005CB0BC /* DannyPark.swift in Sources */,
				2FE2A3012996FE0D005CB0BC /* RiyaKarumanchi.swift in Sources */,
				2FE2A2F02996FE0D005CB0BC /* EmmyThamakaison.swift in Sources */,
				2FE2A2EF2996FE0D005CB0BC /* ShriyaReddy.swift in Sources */,
				2FE2A30D2996FE2F005CB0BC /* LeadsUITests.swift in Sources */,
				2FE2A3092996FE1E005CB0BC /* CS342ApplicationUITests.swift in Sources */,
				2FE2A2ED2996FE0D005CB0BC /* AudreyLin.swift in Sources */,
				2FE2A3002996FE0D005CB0BC /* HamedHekmat.swift in Sources */,
				2FE2A2FE2996FE0D005CB0BC /* OliverAalami.swift in Sources */,
				2FE2A30B2996FE29005CB0BC /* StudentsUITests.swift in Sources */,
				2FE2A3032996FE0D005CB0BC /* SonyaJin.swift in Sources */,
				2FE2A30E2996FE32005CB0BC /* StudentUITests.swift in Sources */,
				2FE2A30C2996FE2C005CB0BC /* InstructorsUITests.swift in Sources */,
				2FE2A2F32996FE0D005CB0BC /* ParthavShergill.swift in Sources */,
				2FE2A2FF2996FE0D005CB0BC /* CaitlinKunchur.swift in Sources */,
				2FE2A2F12996FE0D005CB0BC /* AdamZhao.swift in Sources */,
				2FE2A3062996FE0D005CB0BC /* RheaMalhotra.swift in Sources */,
				2FE2A2F62996FE0D005CB0BC /* StanleyYang.swift in Sources */,
				2FE2A2F92996FE0D005CB0BC /* AshleyGriffin.swift in Sources */,
				2FE2A2F82996FE0D005CB0BC /* SherryXie.swift in Sources */,
				2FE2A2F22996FE0D005CB0BC /* AndyWang.swift in Sources */,
				2FE2A2FB2996FE0D005CB0BC /* RajPabari.swift in Sources */,
				2FE2A3082996FE13005CB0BC /* PaulSchmiedmayer.swift in Sources */,
				2FE2A2EE2996FE0D005CB0BC /* AnanyaVasireddy.swift in Sources */,
			);
			runOnlyForDeploymentPostprocessing = 0;
		};
/* End PBXSourcesBuildPhase section */

/* Begin PBXTargetDependency section */
		653A255F28338800005D4D48 /* PBXTargetDependency */ = {
			isa = PBXTargetDependency;
			target = 653A254C283387FE005D4D48 /* CS342Application */;
			targetProxy = 653A255E28338800005D4D48 /* PBXContainerItemProxy */;
		};
		653A256928338800005D4D48 /* PBXTargetDependency */ = {
			isa = PBXTargetDependency;
			target = 653A254C283387FE005D4D48 /* CS342Application */;
			targetProxy = 653A256828338800005D4D48 /* PBXContainerItemProxy */;
		};
/* End PBXTargetDependency section */

/* Begin XCBuildConfiguration section */
		653A256F28338800005D4D48 /* Debug */ = {
			isa = XCBuildConfiguration;
			buildSettings = {
				ALWAYS_SEARCH_USER_PATHS = NO;
				CLANG_ANALYZER_NONNULL = YES;
				CLANG_ANALYZER_NUMBER_OBJECT_CONVERSION = YES_AGGRESSIVE;
				CLANG_CXX_LANGUAGE_STANDARD = "gnu++17";
				CLANG_ENABLE_MODULES = YES;
				CLANG_ENABLE_OBJC_ARC = YES;
				CLANG_ENABLE_OBJC_WEAK = YES;
				CLANG_WARN_BLOCK_CAPTURE_AUTORELEASING = YES;
				CLANG_WARN_BOOL_CONVERSION = YES;
				CLANG_WARN_COMMA = YES;
				CLANG_WARN_CONSTANT_CONVERSION = YES;
				CLANG_WARN_DEPRECATED_OBJC_IMPLEMENTATIONS = YES;
				CLANG_WARN_DIRECT_OBJC_ISA_USAGE = YES_ERROR;
				CLANG_WARN_DOCUMENTATION_COMMENTS = YES;
				CLANG_WARN_EMPTY_BODY = YES;
				CLANG_WARN_ENUM_CONVERSION = YES;
				CLANG_WARN_INFINITE_RECURSION = YES;
				CLANG_WARN_INT_CONVERSION = YES;
				CLANG_WARN_NON_LITERAL_NULL_CONVERSION = YES;
				CLANG_WARN_OBJC_IMPLICIT_RETAIN_SELF = YES;
				CLANG_WARN_OBJC_LITERAL_CONVERSION = YES;
				CLANG_WARN_OBJC_ROOT_CLASS = YES_ERROR;
				CLANG_WARN_QUOTED_INCLUDE_IN_FRAMEWORK_HEADER = YES;
				CLANG_WARN_RANGE_LOOP_ANALYSIS = YES;
				CLANG_WARN_STRICT_PROTOTYPES = YES;
				CLANG_WARN_SUSPICIOUS_MOVE = YES;
				CLANG_WARN_UNGUARDED_AVAILABILITY = YES_AGGRESSIVE;
				CLANG_WARN_UNREACHABLE_CODE = YES;
				CLANG_WARN__DUPLICATE_METHOD_MATCH = YES;
				COPY_PHASE_STRIP = NO;
				DEBUG_INFORMATION_FORMAT = dwarf;
				ENABLE_STRICT_OBJC_MSGSEND = YES;
				ENABLE_TESTABILITY = YES;
				GCC_C_LANGUAGE_STANDARD = gnu11;
				GCC_DYNAMIC_NO_PIC = NO;
				GCC_NO_COMMON_BLOCKS = YES;
				GCC_OPTIMIZATION_LEVEL = 0;
				GCC_PREPROCESSOR_DEFINITIONS = (
					"DEBUG=1",
					"$(inherited)",
				);
				GCC_WARN_64_TO_32_BIT_CONVERSION = YES;
				GCC_WARN_ABOUT_RETURN_TYPE = YES_ERROR;
				GCC_WARN_UNDECLARED_SELECTOR = YES;
				GCC_WARN_UNINITIALIZED_AUTOS = YES_AGGRESSIVE;
				GCC_WARN_UNUSED_FUNCTION = YES;
				GCC_WARN_UNUSED_VARIABLE = YES;
				IPHONEOS_DEPLOYMENT_TARGET = 16.1;
				MTL_ENABLE_DEBUG_INFO = INCLUDE_SOURCE;
				MTL_FAST_MATH = YES;
				ONLY_ACTIVE_ARCH = YES;
				SDKROOT = iphoneos;
				SWIFT_ACTIVE_COMPILATION_CONDITIONS = DEBUG;
				SWIFT_OPTIMIZATION_LEVEL = "-Onone";
			};
			name = Debug;
		};
		653A257028338800005D4D48 /* Release */ = {
			isa = XCBuildConfiguration;
			buildSettings = {
				ALWAYS_SEARCH_USER_PATHS = NO;
				CLANG_ANALYZER_NONNULL = YES;
				CLANG_ANALYZER_NUMBER_OBJECT_CONVERSION = YES_AGGRESSIVE;
				CLANG_CXX_LANGUAGE_STANDARD = "gnu++17";
				CLANG_ENABLE_MODULES = YES;
				CLANG_ENABLE_OBJC_ARC = YES;
				CLANG_ENABLE_OBJC_WEAK = YES;
				CLANG_WARN_BLOCK_CAPTURE_AUTORELEASING = YES;
				CLANG_WARN_BOOL_CONVERSION = YES;
				CLANG_WARN_COMMA = YES;
				CLANG_WARN_CONSTANT_CONVERSION = YES;
				CLANG_WARN_DEPRECATED_OBJC_IMPLEMENTATIONS = YES;
				CLANG_WARN_DIRECT_OBJC_ISA_USAGE = YES_ERROR;
				CLANG_WARN_DOCUMENTATION_COMMENTS = YES;
				CLANG_WARN_EMPTY_BODY = YES;
				CLANG_WARN_ENUM_CONVERSION = YES;
				CLANG_WARN_INFINITE_RECURSION = YES;
				CLANG_WARN_INT_CONVERSION = YES;
				CLANG_WARN_NON_LITERAL_NULL_CONVERSION = YES;
				CLANG_WARN_OBJC_IMPLICIT_RETAIN_SELF = YES;
				CLANG_WARN_OBJC_LITERAL_CONVERSION = YES;
				CLANG_WARN_OBJC_ROOT_CLASS = YES_ERROR;
				CLANG_WARN_QUOTED_INCLUDE_IN_FRAMEWORK_HEADER = YES;
				CLANG_WARN_RANGE_LOOP_ANALYSIS = YES;
				CLANG_WARN_STRICT_PROTOTYPES = YES;
				CLANG_WARN_SUSPICIOUS_MOVE = YES;
				CLANG_WARN_UNGUARDED_AVAILABILITY = YES_AGGRESSIVE;
				CLANG_WARN_UNREACHABLE_CODE = YES;
				CLANG_WARN__DUPLICATE_METHOD_MATCH = YES;
				COPY_PHASE_STRIP = NO;
				DEBUG_INFORMATION_FORMAT = "dwarf-with-dsym";
				ENABLE_NS_ASSERTIONS = NO;
				ENABLE_STRICT_OBJC_MSGSEND = YES;
				GCC_C_LANGUAGE_STANDARD = gnu11;
				GCC_NO_COMMON_BLOCKS = YES;
				GCC_WARN_64_TO_32_BIT_CONVERSION = YES;
				GCC_WARN_ABOUT_RETURN_TYPE = YES_ERROR;
				GCC_WARN_UNDECLARED_SELECTOR = YES;
				GCC_WARN_UNINITIALIZED_AUTOS = YES_AGGRESSIVE;
				GCC_WARN_UNUSED_FUNCTION = YES;
				GCC_WARN_UNUSED_VARIABLE = YES;
				IPHONEOS_DEPLOYMENT_TARGET = 16.1;
				MTL_ENABLE_DEBUG_INFO = NO;
				MTL_FAST_MATH = YES;
				SDKROOT = iphoneos;
				SWIFT_COMPILATION_MODE = wholemodule;
				SWIFT_OPTIMIZATION_LEVEL = "-O";
				VALIDATE_PRODUCT = YES;
			};
			name = Release;
		};
		653A257228338800005D4D48 /* Debug */ = {
			isa = XCBuildConfiguration;
			buildSettings = {
				ASSETCATALOG_COMPILER_APPICON_NAME = AppIcon;
				ASSETCATALOG_COMPILER_GLOBAL_ACCENT_COLOR_NAME = AccentColor;
				CODE_SIGN_IDENTITY = "Apple Development";
				CODE_SIGN_STYLE = Automatic;
				CURRENT_PROJECT_VERSION = 1;
				DEVELOPMENT_ASSET_PATHS = "";
				DEVELOPMENT_TEAM = "";
				ENABLE_PREVIEWS = YES;
				GENERATE_INFOPLIST_FILE = YES;
				INFOPLIST_FILE = CS342Application/Info.plist;
				INFOPLIST_KEY_UICS342ApplicationlicationSceneManifest_Generation = YES;
				INFOPLIST_KEY_UICS342ApplicationlicationSupportsIndirectInputEvents = YES;
				INFOPLIST_KEY_UILaunchScreen_Generation = YES;
				INFOPLIST_KEY_UISupportedInterfaceOrientations = UIInterfaceOrientationPortrait;
				INFOPLIST_KEY_UISupportedInterfaceOrientations_iPad = "UIInterfaceOrientationLandscapeLeft UIInterfaceOrientationLandscapeRight UIInterfaceOrientationPortrait UIInterfaceOrientationPortraitUpsideDown";
				IPHONEOS_DEPLOYMENT_TARGET = 16.1;
				LD_RUNPATH_SEARCH_PATHS = (
					"$(inherited)",
					"@executable_path/Frameworks",
				);
				MARKETING_VERSION = 1.0;
				PRODUCT_BUNDLE_IDENTIFIER = edu.stanford.cs3422023application;
				PRODUCT_NAME = "$(TARGET_NAME)";
				PROVISIONING_PROFILE_SPECIFIER = "";
				"SWIFT_ELicenseRef-CS342Application_LOC_STRINGS" = YES;
				SWIFT_VERSION = 5.0;
				TARGETED_DEVICE_FAMILY = "1,2";
			};
			name = Debug;
		};
		653A257328338800005D4D48 /* Release */ = {
			isa = XCBuildConfiguration;
			buildSettings = {
				ASSETCATALOG_COMPILER_APPICON_NAME = AppIcon;
				ASSETCATALOG_COMPILER_GLOBAL_ACCENT_COLOR_NAME = AccentColor;
				CODE_SIGN_IDENTITY = "Apple Development";
				CODE_SIGN_STYLE = Automatic;
				CURRENT_PROJECT_VERSION = 1;
				DEVELOPMENT_ASSET_PATHS = "";
				DEVELOPMENT_TEAM = 637867499T;
				ENABLE_PREVIEWS = YES;
				GENERATE_INFOPLIST_FILE = YES;
				INFOPLIST_FILE = CS342Application/Info.plist;
				INFOPLIST_KEY_UICS342ApplicationlicationSceneManifest_Generation = YES;
				INFOPLIST_KEY_UICS342ApplicationlicationSupportsIndirectInputEvents = YES;
				INFOPLIST_KEY_UILaunchScreen_Generation = YES;
				INFOPLIST_KEY_UISupportedInterfaceOrientations = UIInterfaceOrientationPortrait;
				INFOPLIST_KEY_UISupportedInterfaceOrientations_iPad = "UIInterfaceOrientationLandscapeLeft UIInterfaceOrientationLandscapeRight UIInterfaceOrientationPortrait UIInterfaceOrientationPortraitUpsideDown";
				IPHONEOS_DEPLOYMENT_TARGET = 16.1;
				LD_RUNPATH_SEARCH_PATHS = (
					"$(inherited)",
					"@executable_path/Frameworks",
				);
				MARKETING_VERSION = 1.0;
				PRODUCT_BUNDLE_IDENTIFIER = edu.stanford.cs3422023application;
				PRODUCT_NAME = "$(TARGET_NAME)";
				PROVISIONING_PROFILE_SPECIFIER = "";
				"SWIFT_ELicenseRef-CS342Application_LOC_STRINGS" = YES;
				SWIFT_VERSION = 5.0;
				TARGETED_DEVICE_FAMILY = "1,2";
			};
			name = Release;
		};
		653A257528338800005D4D48 /* Debug */ = {
			isa = XCBuildConfiguration;
			buildSettings = {
				ALWAYS_EMBED_SWIFT_STANDARD_LIBRARIES = YES;
				BUNDLE_LOADER = "$(TEST_HOST)";
				CODE_SIGN_STYLE = Automatic;
				CURRENT_PROJECT_VERSION = 1;
				DEVELOPMENT_TEAM = 637867499T;
				GENERATE_INFOPLIST_FILE = YES;
				IPHONEOS_DEPLOYMENT_TARGET = 16.1;
				MARKETING_VERSION = 1.0;
				PRODUCT_BUNDLE_IDENTIFIER = com.schmiedmayer.CS342ApplicationTests;
				PRODUCT_NAME = "$(TARGET_NAME)";
				"SWIFT_ELicenseRef-CS342Application_LOC_STRINGS" = NO;
				SWIFT_VERSION = 5.0;
				TARGETED_DEVICE_FAMILY = "1,2";
				TEST_HOST = "$(BUILT_PRODUCTS_DIR)/CS342Application.app/CS342Application";
			};
			name = Debug;
		};
		653A257628338800005D4D48 /* Release */ = {
			isa = XCBuildConfiguration;
			buildSettings = {
				ALWAYS_EMBED_SWIFT_STANDARD_LIBRARIES = YES;
				BUNDLE_LOADER = "$(TEST_HOST)";
				CODE_SIGN_STYLE = Automatic;
				CURRENT_PROJECT_VERSION = 1;
				DEVELOPMENT_TEAM = 637867499T;
				GENERATE_INFOPLIST_FILE = YES;
				IPHONEOS_DEPLOYMENT_TARGET = 16.1;
				MARKETING_VERSION = 1.0;
				PRODUCT_BUNDLE_IDENTIFIER = com.schmiedmayer.CS342ApplicationTests;
				PRODUCT_NAME = "$(TARGET_NAME)";
				"SWIFT_ELicenseRef-CS342Application_LOC_STRINGS" = NO;
				SWIFT_VERSION = 5.0;
				TARGETED_DEVICE_FAMILY = "1,2";
				TEST_HOST = "$(BUILT_PRODUCTS_DIR)/CS342Application.app/CS342Application";
			};
			name = Release;
		};
		653A257828338800005D4D48 /* Debug */ = {
			isa = XCBuildConfiguration;
			buildSettings = {
				ALWAYS_EMBED_SWIFT_STANDARD_LIBRARIES = YES;
				CLANG_ENABLE_MODULES = YES;
				CODE_SIGN_STYLE = Automatic;
				CURRENT_PROJECT_VERSION = 1;
				DEVELOPMENT_TEAM = 637867499T;
				GENERATE_INFOPLIST_FILE = YES;
				IPHONEOS_DEPLOYMENT_TARGET = 16.1;
				LD_RUNPATH_SEARCH_PATHS = (
					"$(inherited)",
					"@executable_path/Frameworks",
					"@loader_path/Frameworks",
				);
				MARKETING_VERSION = 1.0;
				PRODUCT_BUNDLE_IDENTIFIER = com.schmiedmayer.CS342ApplicationUITests;
				PRODUCT_NAME = "$(TARGET_NAME)";
				"SWIFT_ELicenseRef-CS342Application_LOC_STRINGS" = NO;
				SWIFT_OPTIMIZATION_LEVEL = "-Onone";
				SWIFT_VERSION = 5.0;
				TARGETED_DEVICE_FAMILY = "1,2";
				TEST_TARGET_NAME = CS342Application;
			};
			name = Debug;
		};
		653A257928338800005D4D48 /* Release */ = {
			isa = XCBuildConfiguration;
			buildSettings = {
				ALWAYS_EMBED_SWIFT_STANDARD_LIBRARIES = YES;
				CLANG_ENABLE_MODULES = YES;
				CODE_SIGN_STYLE = Automatic;
				CURRENT_PROJECT_VERSION = 1;
				DEVELOPMENT_TEAM = 637867499T;
				GENERATE_INFOPLIST_FILE = YES;
				IPHONEOS_DEPLOYMENT_TARGET = 16.1;
				LD_RUNPATH_SEARCH_PATHS = (
					"$(inherited)",
					"@executable_path/Frameworks",
					"@loader_path/Frameworks",
				);
				MARKETING_VERSION = 1.0;
				PRODUCT_BUNDLE_IDENTIFIER = com.schmiedmayer.CS342ApplicationUITests;
				PRODUCT_NAME = "$(TARGET_NAME)";
				"SWIFT_ELicenseRef-CS342Application_LOC_STRINGS" = NO;
				SWIFT_VERSION = 5.0;
				TARGETED_DEVICE_FAMILY = "1,2";
				TEST_TARGET_NAME = CS342Application;
			};
			name = Release;
		};
/* End XCBuildConfiguration section */

/* Begin XCConfigurationList section */
		653A2548283387FE005D4D48 /* Build configuration list for PBXProject "CS342Application" */ = {
			isa = XCConfigurationList;
			buildConfigurations = (
				653A256F28338800005D4D48 /* Debug */,
				653A257028338800005D4D48 /* Release */,
			);
			defaultConfigurationIsVisible = 0;
			defaultConfigurationName = Release;
		};
		653A257128338800005D4D48 /* Build configuration list for PBXNativeTarget "CS342Application" */ = {
			isa = XCConfigurationList;
			buildConfigurations = (
				653A257228338800005D4D48 /* Debug */,
				653A257328338800005D4D48 /* Release */,
			);
			defaultConfigurationIsVisible = 0;
			defaultConfigurationName = Release;
		};
		653A257428338800005D4D48 /* Build configuration list for PBXNativeTarget "CS342ApplicationTests" */ = {
			isa = XCConfigurationList;
			buildConfigurations = (
				653A257528338800005D4D48 /* Debug */,
				653A257628338800005D4D48 /* Release */,
			);
			defaultConfigurationIsVisible = 0;
			defaultConfigurationName = Release;
		};
		653A257728338800005D4D48 /* Build configuration list for PBXNativeTarget "CS342ApplicationUITests" */ = {
			isa = XCConfigurationList;
			buildConfigurations = (
				653A257828338800005D4D48 /* Debug */,
				653A257928338800005D4D48 /* Release */,
			);
			defaultConfigurationIsVisible = 0;
			defaultConfigurationName = Release;
		};
/* End XCConfigurationList section */

/* Begin XCSwiftPackageProductDependency section */
		2FE2A28B2996E057005CB0BC /* PaulSchmiedmayer */ = {
			isa = XCSwiftPackageProductDependency;
			productName = PaulSchmiedmayer;
		};
		2FE2A28E2996FDED005CB0BC /* AbhinavAgarwal */ = {
			isa = XCSwiftPackageProductDependency;
			productName = AbhinavAgarwal;
		};
		2FE2A2902996FDED005CB0BC /* AdamZhao */ = {
			isa = XCSwiftPackageProductDependency;
			productName = AdamZhao;
		};
		2FE2A2922996FDED005CB0BC /* AlexisLowber */ = {
			isa = XCSwiftPackageProductDependency;
			productName = AlexisLowber;
		};
		2FE2A2942996FDED005CB0BC /* AliMottaghi */ = {
			isa = XCSwiftPackageProductDependency;
			productName = AliMottaghi;
		};
		2FE2A2962996FDED005CB0BC /* AnanyaVasireddy */ = {
			isa = XCSwiftPackageProductDependency;
			productName = AnanyaVasireddy;
		};
		2FE2A2982996FDED005CB0BC /* AndyWang */ = {
			isa = XCSwiftPackageProductDependency;
			productName = AndyWang;
		};
		2FE2A29A2996FDED005CB0BC /* AnushehChaudry */ = {
			isa = XCSwiftPackageProductDependency;
			productName = AnushehChaudry;
		};
		2FE2A29C2996FDED005CB0BC /* AshleyGriffin */ = {
			isa = XCSwiftPackageProductDependency;
			productName = AshleyGriffin;
		};
		2FE2A29E2996FDED005CB0BC /* AudreyLin */ = {
			isa = XCSwiftPackageProductDependency;
			productName = AudreyLin;
		};
		2FE2A2A02996FDED005CB0BC /* BrianPark */ = {
			isa = XCSwiftPackageProductDependency;
			productName = BrianPark;
		};
		2FE2A2A22996FDED005CB0BC /* BrookeKrajancich */ = {
			isa = XCSwiftPackageProductDependency;
			productName = BrookeKrajancich;
		};
		2FE2A2A42996FDED005CB0BC /* CaitlinKunchur */ = {
			isa = XCSwiftPackageProductDependency;
			productName = CaitlinKunchur;
		};
		2FE2A2A62996FDED005CB0BC /* DanielGuo */ = {
			isa = XCSwiftPackageProductDependency;
			productName = DanielGuo;
		};
		2FE2A2A82996FDED005CB0BC /* DannyPark */ = {
			isa = XCSwiftPackageProductDependency;
			productName = DannyPark;
		};
		2FE2A2AA2996FDED005CB0BC /* EmmyThamakaison */ = {
			isa = XCSwiftPackageProductDependency;
			productName = EmmyThamakaison;
		};
		2FE2A2AC2996FDED005CB0BC /* GriffinSomaratne */ = {
			isa = XCSwiftPackageProductDependency;
			productName = GriffinSomaratne;
		};
		2FE2A2AE2996FDED005CB0BC /* HamedHekmat */ = {
			isa = XCSwiftPackageProductDependency;
			productName = HamedHekmat;
		};
		2FE2A2B02996FDED005CB0BC /* JenMoore */ = {
			isa = XCSwiftPackageProductDependency;
			productName = JenMoore;
		};
		2FE2A2B22996FDED005CB0BC /* JenniferXu */ = {
			isa = XCSwiftPackageProductDependency;
			productName = JenniferXu;
		};
		2FE2A2B42996FDED005CB0BC /* JiahuiChen */ = {
			isa = XCSwiftPackageProductDependency;
			productName = JiahuiChen;
		};
		2FE2A2B62996FDED005CB0BC /* JuliaRhee */ = {
			isa = XCSwiftPackageProductDependency;
			productName = JuliaRhee;
		};
		2FE2A2B82996FDED005CB0BC /* JustinWu */ = {
			isa = XCSwiftPackageProductDependency;
			productName = JustinWu;
		};
		2FE2A2BA2996FDED005CB0BC /* NatashaKacharia */ = {
			isa = XCSwiftPackageProductDependency;
			productName = NatashaKacharia;
		};
		2FE2A2BC2996FDED005CB0BC /* OliverAalami */ = {
			isa = XCSwiftPackageProductDependency;
			productName = OliverAalami;
		};
		2FE2A2BE2996FDED005CB0BC /* ParthavShergill */ = {
			isa = XCSwiftPackageProductDependency;
			productName = ParthavShergill;
		};
		2FE2A2C02996FDED005CB0BC /* RachelWu */ = {
			isa = XCSwiftPackageProductDependency;
			productName = RachelWu;
		};
		2FE2A2C22996FDED005CB0BC /* RajPabari */ = {
			isa = XCSwiftPackageProductDependency;
			productName = RajPabari;
		};
		2FE2A2C42996FDED005CB0BC /* RheaMalhotra */ = {
			isa = XCSwiftPackageProductDependency;
			productName = RheaMalhotra;
		};
		2FE2A2C62996FDED005CB0BC /* RiyaKarumanchi */ = {
			isa = XCSwiftPackageProductDependency;
			productName = RiyaKarumanchi;
		};
		2FE2A2C82996FDED005CB0BC /* SarahBarragan */ = {
			isa = XCSwiftPackageProductDependency;
			productName = SarahBarragan;
		};
		2FE2A2CA2996FDED005CB0BC /* SherryXie */ = {
			isa = XCSwiftPackageProductDependency;
			productName = SherryXie;
		};
		2FE2A2CC2996FDED005CB0BC /* ShriyaReddy */ = {
			isa = XCSwiftPackageProductDependency;
			productName = ShriyaReddy;
		};
		2FE2A2CE2996FDED005CB0BC /* SonyaJin */ = {
			isa = XCSwiftPackageProductDependency;
			productName = SonyaJin;
		};
		2FE2A2D02996FDED005CB0BC /* StanleyYang */ = {
			isa = XCSwiftPackageProductDependency;
			productName = StanleyYang;
		};
/* End XCSwiftPackageProductDependency section */
	};
	rootObject = 653A2545283387FE005D4D48 /* Project object */;
}
