// !$*UTF8*$!
{
	archiveVersion = 1;
	classes = {
	};
	objectVersion = 55;
	objects = {

/* Begin PBXBuildFile section */
		2324B681297D972200C8D549 /* RajPabari in Frameworks */ = {isa = PBXBuildFile; productRef = 2324B680297D972200C8D549 /* RajPabari */; };
		23FFF503297EFF88007386C6 /* StudentsUITests.swift in Sources */ = {isa = PBXBuildFile; fileRef = 23FFF502297EFF88007386C6 /* StudentsUITests.swift */; };
		23FFF505297EFFD7007386C6 /* RajPabari.swift in Sources */ = {isa = PBXBuildFile; fileRef = 23FFF504297EFFD7007386C6 /* RajPabari.swift */; };
		2F23F692296FB12A003FECF4 /* PaulSchmiedmayer in Frameworks */ = {isa = PBXBuildFile; productRef = 2F23F691296FB12A003FECF4 /* PaulSchmiedmayer */; };
		2F23F694296FBA8B003FECF4 /* Role.swift in Sources */ = {isa = PBXBuildFile; fileRef = 2F23F693296FBA8B003FECF4 /* Role.swift */; };
		2F23F696296FBA92003FECF4 /* Member.swift in Sources */ = {isa = PBXBuildFile; fileRef = 2F23F695296FBA92003FECF4 /* Member.swift */; };
		2F23F698296FBAA3003FECF4 /* MemberList.swift in Sources */ = {isa = PBXBuildFile; fileRef = 2F23F697296FBAA3003FECF4 /* MemberList.swift */; };
		2F23F69A296FBAFB003FECF4 /* Member+Views.swift in Sources */ = {isa = PBXBuildFile; fileRef = 2F23F699296FBAFB003FECF4 /* Member+Views.swift */; };
		2F23F6AE296FFBAA003FECF4 /* InstructorsUITests.swift in Sources */ = {isa = PBXBuildFile; fileRef = 2F23F6AD296FFBAA003FECF4 /* InstructorsUITests.swift */; };
		2F23F6B0296FFFF1003FECF4 /* CS342ApplicationUITests.swift in Sources */ = {isa = PBXBuildFile; fileRef = 2F23F6AF296FFFF1003FECF4 /* CS342ApplicationUITests.swift */; };
		2F23F6B229700C7B003FECF4 /* PaulSchmiedmayer.swift in Sources */ = {isa = PBXBuildFile; fileRef = 2F23F6B129700C7B003FECF4 /* PaulSchmiedmayer.swift */; };
		2FC8A09B297A315300479145 /* OliverAalami in Frameworks */ = {isa = PBXBuildFile; productRef = 2FC8A09A297A315300479145 /* OliverAalami */; };
		2FC8A09D297A34C300479145 /* LeadsUITests.swift in Sources */ = {isa = PBXBuildFile; fileRef = 2FC8A09C297A34C300479145 /* LeadsUITests.swift */; };
		2FC8A09F297A34C900479145 /* OliverAalami.swift in Sources */ = {isa = PBXBuildFile; fileRef = 2FC8A09E297A34C900479145 /* OliverAalami.swift */; };
		653A2551283387FE005D4D48 /* CS342Application.swift in Sources */ = {isa = PBXBuildFile; fileRef = 653A2550283387FE005D4D48 /* CS342Application.swift */; };
		653A255528338800005D4D48 /* Assets.xcassets in Resources */ = {isa = PBXBuildFile; fileRef = 653A255428338800005D4D48 /* Assets.xcassets */; };
		653A256228338800005D4D48 /* CS342ApplicationTests.swift in Sources */ = {isa = PBXBuildFile; fileRef = 653A256128338800005D4D48 /* CS342ApplicationTests.swift */; };
		A11A0B0A297F9C8600E03791 /* AndyWang in Frameworks */ = {isa = PBXBuildFile; productRef = A11A0B09297F9C8600E03791 /* AndyWang */; };
		A11A0B0E297FDA3D00E03791 /* AndyWang.swift in Sources */ = {isa = PBXBuildFile; fileRef = A11A0B0D297FDA3D00E03791 /* AndyWang.swift */; };
		ABFEA6D9297C75FD00EF30AE /* AshleyGriffin in Frameworks */ = {isa = PBXBuildFile; productRef = ABFEA6D8297C75FD00EF30AE /* AshleyGriffin */; };
		ADC4123529810F08008E7C56 /* AbhinavAgarwal.swift in Sources */ = {isa = PBXBuildFile; fileRef = ADC4123429810F08008E7C56 /* AbhinavAgarwal.swift */; };
		ADC4123729811ACE008E7C56 /* AbhinavAgarwal in Frameworks */ = {isa = PBXBuildFile; productRef = ADC4123629811ACE008E7C56 /* AbhinavAgarwal */; };
/* End PBXBuildFile section */

/* Begin PBXContainerItemProxy section */
		653A255E28338800005D4D48 /* PBXContainerItemProxy */ = {
			isa = PBXContainerItemProxy;
			containerPortal = 653A2545283387FE005D4D48 /* Project object */;
			proxyType = 1;
			remoteGlobalIDString = 653A254C283387FE005D4D48;
			remoteInfo = CS342Application;
		};
		653A256828338800005D4D48 /* PBXContainerItemProxy */ = {
			isa = PBXContainerItemProxy;
			containerPortal = 653A2545283387FE005D4D48 /* Project object */;
			proxyType = 1;
			remoteGlobalIDString = 653A254C283387FE005D4D48;
			remoteInfo = CS342Application;
		};
/* End PBXContainerItemProxy section */

/* Begin PBXFileReference section */
		23FFF502297EFF88007386C6 /* StudentsUITests.swift */ = {isa = PBXFileReference; lastKnownFileType = sourcecode.swift; path = StudentsUITests.swift; sourceTree = "<group>"; };
		23FFF504297EFFD7007386C6 /* RajPabari.swift */ = {isa = PBXFileReference; lastKnownFileType = sourcecode.swift; path = RajPabari.swift; sourceTree = "<group>"; };
		2F23F690296FB11D003FECF4 /* CS342MemberViews */ = {isa = PBXFileReference; lastKnownFileType = wrapper; path = CS342MemberViews; sourceTree = "<group>"; };
		2F23F693296FBA8B003FECF4 /* Role.swift */ = {isa = PBXFileReference; lastKnownFileType = sourcecode.swift; path = Role.swift; sourceTree = "<group>"; };
		2F23F695296FBA92003FECF4 /* Member.swift */ = {isa = PBXFileReference; lastKnownFileType = sourcecode.swift; path = Member.swift; sourceTree = "<group>"; };
		2F23F697296FBAA3003FECF4 /* MemberList.swift */ = {isa = PBXFileReference; lastKnownFileType = sourcecode.swift; path = MemberList.swift; sourceTree = "<group>"; };
		2F23F699296FBAFB003FECF4 /* Member+Views.swift */ = {isa = PBXFileReference; lastKnownFileType = sourcecode.swift; path = "Member+Views.swift"; sourceTree = "<group>"; };
		2F23F6AD296FFBAA003FECF4 /* InstructorsUITests.swift */ = {isa = PBXFileReference; lastKnownFileType = sourcecode.swift; path = InstructorsUITests.swift; sourceTree = "<group>"; };
		2F23F6AF296FFFF1003FECF4 /* CS342ApplicationUITests.swift */ = {isa = PBXFileReference; lastKnownFileType = sourcecode.swift; path = CS342ApplicationUITests.swift; sourceTree = "<group>"; };
		2F23F6B129700C7B003FECF4 /* PaulSchmiedmayer.swift */ = {isa = PBXFileReference; lastKnownFileType = sourcecode.swift; path = PaulSchmiedmayer.swift; sourceTree = "<group>"; };
		2FC8A09C297A34C300479145 /* LeadsUITests.swift */ = {isa = PBXFileReference; fileEncoding = 4; lastKnownFileType = sourcecode.swift; path = LeadsUITests.swift; sourceTree = "<group>"; };
		2FC8A09E297A34C900479145 /* OliverAalami.swift */ = {isa = PBXFileReference; fileEncoding = 4; lastKnownFileType = sourcecode.swift; path = OliverAalami.swift; sourceTree = "<group>"; };
		653A254D283387FE005D4D48 /* CS342Application.app */ = {isa = PBXFileReference; explicitFileType = wrapper.application; includeInIndex = 0; path = CS342Application.app; sourceTree = BUILT_PRODUCTS_DIR; };
		653A2550283387FE005D4D48 /* CS342Application.swift */ = {isa = PBXFileReference; lastKnownFileType = sourcecode.swift; path = CS342Application.swift; sourceTree = "<group>"; };
		653A255428338800005D4D48 /* Assets.xcassets */ = {isa = PBXFileReference; lastKnownFileType = folder.assetcatalog; path = Assets.xcassets; sourceTree = "<group>"; };
		653A255D28338800005D4D48 /* CS342ApplicationTests.xctest */ = {isa = PBXFileReference; explicitFileType = wrapper.cfbundle; includeInIndex = 0; path = CS342ApplicationTests.xctest; sourceTree = BUILT_PRODUCTS_DIR; };
		653A256128338800005D4D48 /* CS342ApplicationTests.swift */ = {isa = PBXFileReference; lastKnownFileType = sourcecode.swift; path = CS342ApplicationTests.swift; sourceTree = "<group>"; };
		653A256728338800005D4D48 /* CS342ApplicationUITests.xctest */ = {isa = PBXFileReference; explicitFileType = wrapper.cfbundle; includeInIndex = 0; path = CS342ApplicationUITests.xctest; sourceTree = BUILT_PRODUCTS_DIR; };
		653A258928339462005D4D48 /* Info.plist */ = {isa = PBXFileReference; lastKnownFileType = text.plist.xml; path = Info.plist; sourceTree = "<group>"; };
		A11A0B0D297FDA3D00E03791 /* AndyWang.swift */ = {isa = PBXFileReference; lastKnownFileType = sourcecode.swift; path = AndyWang.swift; sourceTree = "<group>"; };
		ABFEA6DA297C78FD00EF30AE /* AshleyGriffin.swift */ = {isa = PBXFileReference; lastKnownFileType = sourcecode.swift; path = AshleyGriffin.swift; sourceTree = "<group>"; };
		ADC4123429810F08008E7C56 /* AbhinavAgarwal.swift */ = {isa = PBXFileReference; lastKnownFileType = sourcecode.swift; path = AbhinavAgarwal.swift; sourceTree = "<group>"; };
/* End PBXFileReference section */

/* Begin PBXFrameworksBuildPhase section */
		653A254A283387FE005D4D48 /* Frameworks */ = {
			isa = PBXFrameworksBuildPhase;
			buildActionMask = 2147483647;
			files = (
				2FC8A09B297A315300479145 /* OliverAalami in Frameworks */,
				ADC4123729811ACE008E7C56 /* AbhinavAgarwal in Frameworks */,
				2F23F692296FB12A003FECF4 /* PaulSchmiedmayer in Frameworks */,
				A11A0B0A297F9C8600E03791 /* AndyWang in Frameworks */,
				2324B681297D972200C8D549 /* RajPabari in Frameworks */,
				ABFEA6D9297C75FD00EF30AE /* AshleyGriffin in Frameworks */,
			);
			runOnlyForDeploymentPostprocessing = 0;
		};
		653A255A28338800005D4D48 /* Frameworks */ = {
			isa = PBXFrameworksBuildPhase;
			buildActionMask = 2147483647;
			files = (
			);
			runOnlyForDeploymentPostprocessing = 0;
		};
		653A256428338800005D4D48 /* Frameworks */ = {
			isa = PBXFrameworksBuildPhase;
			buildActionMask = 2147483647;
			files = (
			);
			runOnlyForDeploymentPostprocessing = 0;
		};
/* End PBXFrameworksBuildPhase section */

/* Begin PBXGroup section */
		2324B67F297D972200C8D549 /* Frameworks */ = {
			isa = PBXGroup;
			children = (
			);
			name = Frameworks;
			sourceTree = "<group>";
		};
		2F23F69B296FBB4C003FECF4 /* Models */ = {
			isa = PBXGroup;
			children = (
				2F23F693296FBA8B003FECF4 /* Role.swift */,
				2F23F695296FBA92003FECF4 /* Member.swift */,
			);
			path = Models;
			sourceTree = "<group>";
		};
		2F23F69C296FBB5B003FECF4 /* Views */ = {
			isa = PBXGroup;
			children = (
				2F23F697296FBAA3003FECF4 /* MemberList.swift */,
				2F23F699296FBAFB003FECF4 /* Member+Views.swift */,
			);
			path = Views;
			sourceTree = "<group>";
		};
		2F23F6B329700C7F003FECF4 /* MemberViews */ = {
			isa = PBXGroup;
			children = (
				2FC8A09E297A34C900479145 /* OliverAalami.swift */,
				2F23F6B129700C7B003FECF4 /* PaulSchmiedmayer.swift */,
				A11A0B0D297FDA3D00E03791 /* AndyWang.swift */,
				23FFF504297EFFD7007386C6 /* RajPabari.swift */,
				ABFEA6DA297C78FD00EF30AE /* AshleyGriffin.swift */,
				ADC4123429810F08008E7C56 /* AbhinavAgarwal.swift */,
			);
			path = MemberViews;
			sourceTree = "<group>";
		};
		653A2544283387FE005D4D48 = {
			isa = PBXGroup;
			children = (
				2F23F690296FB11D003FECF4 /* CS342MemberViews */,
				653A254F283387FE005D4D48 /* CS342Application */,
				653A256028338800005D4D48 /* CS342ApplicationTests */,
				653A256A28338800005D4D48 /* CS342ApplicationUITests */,
				653A254E283387FE005D4D48 /* Products */,
				2324B67F297D972200C8D549 /* Frameworks */,
			);
			sourceTree = "<group>";
		};
		653A254E283387FE005D4D48 /* Products */ = {
			isa = PBXGroup;
			children = (
				653A254D283387FE005D4D48 /* CS342Application.app */,
				653A255D28338800005D4D48 /* CS342ApplicationTests.xctest */,
				653A256728338800005D4D48 /* CS342ApplicationUITests.xctest */,
			);
			name = Products;
			sourceTree = "<group>";
		};
		653A254F283387FE005D4D48 /* CS342Application */ = {
			isa = PBXGroup;
			children = (
				653A2550283387FE005D4D48 /* CS342Application.swift */,
				2F23F69B296FBB4C003FECF4 /* Models */,
				2F23F69C296FBB5B003FECF4 /* Views */,
				653A258928339462005D4D48 /* Info.plist */,
				653A255428338800005D4D48 /* Assets.xcassets */,
			);
			path = CS342Application;
			sourceTree = "<group>";
		};
		653A256028338800005D4D48 /* CS342ApplicationTests */ = {
			isa = PBXGroup;
			children = (
				653A256128338800005D4D48 /* CS342ApplicationTests.swift */,
			);
			path = CS342ApplicationTests;
			sourceTree = "<group>";
		};
		653A256A28338800005D4D48 /* CS342ApplicationUITests */ = {
			isa = PBXGroup;
			children = (
				2F23F6B329700C7F003FECF4 /* MemberViews */,
				2F23F6AF296FFFF1003FECF4 /* CS342ApplicationUITests.swift */,
				23FFF502297EFF88007386C6 /* StudentsUITests.swift */,
				2F23F6AD296FFBAA003FECF4 /* InstructorsUITests.swift */,
				2FC8A09C297A34C300479145 /* LeadsUITests.swift */,
			);
			path = CS342ApplicationUITests;
			sourceTree = "<group>";
		};
/* End PBXGroup section */

/* Begin PBXNativeTarget section */
		653A254C283387FE005D4D48 /* CS342Application */ = {
			isa = PBXNativeTarget;
			buildConfigurationList = 653A257128338800005D4D48 /* Build configuration list for PBXNativeTarget "CS342Application" */;
			buildPhases = (
				653A2549283387FE005D4D48 /* Sources */,
				653A254A283387FE005D4D48 /* Frameworks */,
				653A254B283387FE005D4D48 /* Resources */,
				2F3815C0297943EF00B8755D /* ShellScript */,
			);
			buildRules = (
			);
			dependencies = (
			);
			name = CS342Application;
			packageProductDependencies = (
				2F23F691296FB12A003FECF4 /* PaulSchmiedmayer */,
				2FC8A09A297A315300479145 /* OliverAalami */,
				A11A0B09297F9C8600E03791 /* AndyWang */,
				2324B680297D972200C8D549 /* RajPabari */,
				ADC4123629811ACE008E7C56 /* AbhinavAgarwal */,
			);
			productName = CS342Application;
			productReference = 653A254D283387FE005D4D48 /* CS342Application.app */;
			productType = "com.apple.product-type.application";
		};
		653A255C28338800005D4D48 /* CS342ApplicationTests */ = {
			isa = PBXNativeTarget;
			buildConfigurationList = 653A257428338800005D4D48 /* Build configuration list for PBXNativeTarget "CS342ApplicationTests" */;
			buildPhases = (
				653A255928338800005D4D48 /* Sources */,
				653A255A28338800005D4D48 /* Frameworks */,
				653A255B28338800005D4D48 /* Resources */,
			);
			buildRules = (
			);
			dependencies = (
				653A255F28338800005D4D48 /* PBXTargetDependency */,
			);
			name = CS342ApplicationTests;
			productName = CS342ApplicationTests;
			productReference = 653A255D28338800005D4D48 /* CS342ApplicationTests.xctest */;
			productType = "com.apple.product-type.bundle.unit-test";
		};
		653A256628338800005D4D48 /* CS342ApplicationUITests */ = {
			isa = PBXNativeTarget;
			buildConfigurationList = 653A257728338800005D4D48 /* Build configuration list for PBXNativeTarget "CS342ApplicationUITests" */;
			buildPhases = (
				653A256328338800005D4D48 /* Sources */,
				653A256428338800005D4D48 /* Frameworks */,
				653A256528338800005D4D48 /* Resources */,
			);
			buildRules = (
			);
			dependencies = (
				653A256928338800005D4D48 /* PBXTargetDependency */,
			);
			name = CS342ApplicationUITests;
			packageProductDependencies = (
			);
			productName = CS342ApplicationUITests;
			productReference = 653A256728338800005D4D48 /* CS342ApplicationUITests.xctest */;
			productType = "com.apple.product-type.bundle.ui-testing";
		};
/* End PBXNativeTarget section */

/* Begin PBXProject section */
		653A2545283387FE005D4D48 /* Project object */ = {
			isa = PBXProject;
			attributes = {
				BuildIndependentTargetsInParallel = 1;
				LastSwiftUpdateCheck = 1340;
				LastUpgradeCheck = 1420;
				TargetAttributes = {
					653A254C283387FE005D4D48 = {
						CreatedOnToolsVersion = 13.4;
					};
					653A255C28338800005D4D48 = {
						CreatedOnToolsVersion = 13.4;
						TestTargetID = 653A254C283387FE005D4D48;
					};
					653A256628338800005D4D48 = {
						CreatedOnToolsVersion = 13.4;
						TestTargetID = 653A254C283387FE005D4D48;
					};
				};
			};
			buildConfigurationList = 653A2548283387FE005D4D48 /* Build configuration list for PBXProject "CS342Application" */;
			compatibilityVersion = "Xcode 13.0";
			developmentRegion = en;
			hasScannedForEncodings = 0;
			knownRegions = (
				en,
				Base,
			);
			mainGroup = 653A2544283387FE005D4D48;
			packageReferences = (
			);
			productRefGroup = 653A254E283387FE005D4D48 /* Products */;
			projectDirPath = "";
			projectRoot = "";
			targets = (
				653A254C283387FE005D4D48 /* CS342Application */,
				653A255C28338800005D4D48 /* CS342ApplicationTests */,
				653A256628338800005D4D48 /* CS342ApplicationUITests */,
			);
		};
/* End PBXProject section */

/* Begin PBXResourcesBuildPhase section */
		653A254B283387FE005D4D48 /* Resources */ = {
			isa = PBXResourcesBuildPhase;
			buildActionMask = 2147483647;
			files = (
				653A255528338800005D4D48 /* Assets.xcassets in Resources */,
			);
			runOnlyForDeploymentPostprocessing = 0;
		};
		653A255B28338800005D4D48 /* Resources */ = {
			isa = PBXResourcesBuildPhase;
			buildActionMask = 2147483647;
			files = (
			);
			runOnlyForDeploymentPostprocessing = 0;
		};
		653A256528338800005D4D48 /* Resources */ = {
			isa = PBXResourcesBuildPhase;
			buildActionMask = 2147483647;
			files = (
			);
			runOnlyForDeploymentPostprocessing = 0;
		};
/* End PBXResourcesBuildPhase section */

/* Begin PBXShellScriptBuildPhase section */
		2F3815C0297943EF00B8755D /* ShellScript */ = {
			isa = PBXShellScriptBuildPhase;
			alwaysOutOfDate = 1;
			buildActionMask = 2147483647;
			files = (
			);
			inputFileListPaths = (
			);
			inputPaths = (
			);
			outputFileListPaths = (
			);
			outputPaths = (
			);
			runOnlyForDeploymentPostprocessing = 0;
			shellPath = /bin/sh;
			shellScript = "export PATH=\"$PATH:/opt/homebrew/bin\"\nif which swiftlint > /dev/null; then\n  swiftlint\nelse\n  echo \"warning: SwiftLint not installed, download from https://github.com/realm/SwiftLint\"\nfi\n";
		};
/* End PBXShellScriptBuildPhase section */

/* Begin PBXSourcesBuildPhase section */
		653A2549283387FE005D4D48 /* Sources */ = {
			isa = PBXSourcesBuildPhase;
			buildActionMask = 2147483647;
			files = (
				653A2551283387FE005D4D48 /* CS342Application.swift in Sources */,
				2F23F69A296FBAFB003FECF4 /* Member+Views.swift in Sources */,
				2F23F696296FBA92003FECF4 /* Member.swift in Sources */,
				2F23F694296FBA8B003FECF4 /* Role.swift in Sources */,
				2F23F698296FBAA3003FECF4 /* MemberList.swift in Sources */,
			);
			runOnlyForDeploymentPostprocessing = 0;
		};
		653A255928338800005D4D48 /* Sources */ = {
			isa = PBXSourcesBuildPhase;
			buildActionMask = 2147483647;
			files = (
				653A256228338800005D4D48 /* CS342ApplicationTests.swift in Sources */,
			);
			runOnlyForDeploymentPostprocessing = 0;
		};
		653A256328338800005D4D48 /* Sources */ = {
			isa = PBXSourcesBuildPhase;
			buildActionMask = 2147483647;
			files = (
				23FFF505297EFFD7007386C6 /* RajPabari.swift in Sources */,
				ADC4123529810F08008E7C56 /* AbhinavAgarwal.swift in Sources */,
				2F23F6B0296FFFF1003FECF4 /* CS342ApplicationUITests.swift in Sources */,
				2F23F6B229700C7B003FECF4 /* PaulSchmiedmayer.swift in Sources */,
				A11A0B0E297FDA3D00E03791 /* AndyWang.swift in Sources */,
				2FC8A09F297A34C900479145 /* OliverAalami.swift in Sources */,
				2F23F6AE296FFBAA003FECF4 /* InstructorsUITests.swift in Sources */,
				2FC8A09D297A34C300479145 /* LeadsUITests.swift in Sources */,
				23FFF503297EFF88007386C6 /* StudentsUITests.swift in Sources */,
			);
			runOnlyForDeploymentPostprocessing = 0;
		};
/* End PBXSourcesBuildPhase section */

/* Begin PBXTargetDependency section */
		653A255F28338800005D4D48 /* PBXTargetDependency */ = {
			isa = PBXTargetDependency;
			target = 653A254C283387FE005D4D48 /* CS342Application */;
			targetProxy = 653A255E28338800005D4D48 /* PBXContainerItemProxy */;
		};
		653A256928338800005D4D48 /* PBXTargetDependency */ = {
			isa = PBXTargetDependency;
			target = 653A254C283387FE005D4D48 /* CS342Application */;
			targetProxy = 653A256828338800005D4D48 /* PBXContainerItemProxy */;
		};
/* End PBXTargetDependency section */

/* Begin XCBuildConfiguration section */
		653A256F28338800005D4D48 /* Debug */ = {
			isa = XCBuildConfiguration;
			buildSettings = {
				ALWAYS_SEARCH_USER_PATHS = NO;
				CLANG_ANALYZER_NONNULL = YES;
				CLANG_ANALYZER_NUMBER_OBJECT_CONVERSION = YES_AGGRESSIVE;
				CLANG_CXX_LANGUAGE_STANDARD = "gnu++17";
				CLANG_ENABLE_MODULES = YES;
				CLANG_ENABLE_OBJC_ARC = YES;
				CLANG_ENABLE_OBJC_WEAK = YES;
				CLANG_WARN_BLOCK_CAPTURE_AUTORELEASING = YES;
				CLANG_WARN_BOOL_CONVERSION = YES;
				CLANG_WARN_COMMA = YES;
				CLANG_WARN_CONSTANT_CONVERSION = YES;
				CLANG_WARN_DEPRECATED_OBJC_IMPLEMENTATIONS = YES;
				CLANG_WARN_DIRECT_OBJC_ISA_USAGE = YES_ERROR;
				CLANG_WARN_DOCUMENTATION_COMMENTS = YES;
				CLANG_WARN_EMPTY_BODY = YES;
				CLANG_WARN_ENUM_CONVERSION = YES;
				CLANG_WARN_INFINITE_RECURSION = YES;
				CLANG_WARN_INT_CONVERSION = YES;
				CLANG_WARN_NON_LITERAL_NULL_CONVERSION = YES;
				CLANG_WARN_OBJC_IMPLICIT_RETAIN_SELF = YES;
				CLANG_WARN_OBJC_LITERAL_CONVERSION = YES;
				CLANG_WARN_OBJC_ROOT_CLASS = YES_ERROR;
				CLANG_WARN_QUOTED_INCLUDE_IN_FRAMEWORK_HEADER = YES;
				CLANG_WARN_RANGE_LOOP_ANALYSIS = YES;
				CLANG_WARN_STRICT_PROTOTYPES = YES;
				CLANG_WARN_SUSPICIOUS_MOVE = YES;
				CLANG_WARN_UNGUARDED_AVAILABILITY = YES_AGGRESSIVE;
				CLANG_WARN_UNREACHABLE_CODE = YES;
				CLANG_WARN__DUPLICATE_METHOD_MATCH = YES;
				COPY_PHASE_STRIP = NO;
				DEBUG_INFORMATION_FORMAT = dwarf;
				ENABLE_STRICT_OBJC_MSGSEND = YES;
				ENABLE_TESTABILITY = YES;
				GCC_C_LANGUAGE_STANDARD = gnu11;
				GCC_DYNAMIC_NO_PIC = NO;
				GCC_NO_COMMON_BLOCKS = YES;
				GCC_OPTIMIZATION_LEVEL = 0;
				GCC_PREPROCESSOR_DEFINITIONS = (
					"DEBUG=1",
					"$(inherited)",
				);
				GCC_WARN_64_TO_32_BIT_CONVERSION = YES;
				GCC_WARN_ABOUT_RETURN_TYPE = YES_ERROR;
				GCC_WARN_UNDECLARED_SELECTOR = YES;
				GCC_WARN_UNINITIALIZED_AUTOS = YES_AGGRESSIVE;
				GCC_WARN_UNUSED_FUNCTION = YES;
				GCC_WARN_UNUSED_VARIABLE = YES;
				IPHONEOS_DEPLOYMENT_TARGET = 16.1;
				MTL_ENABLE_DEBUG_INFO = INCLUDE_SOURCE;
				MTL_FAST_MATH = YES;
				ONLY_ACTIVE_ARCH = YES;
				SDKROOT = iphoneos;
				SWIFT_ACTIVE_COMPILATION_CONDITIONS = DEBUG;
				SWIFT_OPTIMIZATION_LEVEL = "-Onone";
			};
			name = Debug;
		};
		653A257028338800005D4D48 /* Release */ = {
			isa = XCBuildConfiguration;
			buildSettings = {
				ALWAYS_SEARCH_USER_PATHS = NO;
				CLANG_ANALYZER_NONNULL = YES;
				CLANG_ANALYZER_NUMBER_OBJECT_CONVERSION = YES_AGGRESSIVE;
				CLANG_CXX_LANGUAGE_STANDARD = "gnu++17";
				CLANG_ENABLE_MODULES = YES;
				CLANG_ENABLE_OBJC_ARC = YES;
				CLANG_ENABLE_OBJC_WEAK = YES;
				CLANG_WARN_BLOCK_CAPTURE_AUTORELEASING = YES;
				CLANG_WARN_BOOL_CONVERSION = YES;
				CLANG_WARN_COMMA = YES;
				CLANG_WARN_CONSTANT_CONVERSION = YES;
				CLANG_WARN_DEPRECATED_OBJC_IMPLEMENTATIONS = YES;
				CLANG_WARN_DIRECT_OBJC_ISA_USAGE = YES_ERROR;
				CLANG_WARN_DOCUMENTATION_COMMENTS = YES;
				CLANG_WARN_EMPTY_BODY = YES;
				CLANG_WARN_ENUM_CONVERSION = YES;
				CLANG_WARN_INFINITE_RECURSION = YES;
				CLANG_WARN_INT_CONVERSION = YES;
				CLANG_WARN_NON_LITERAL_NULL_CONVERSION = YES;
				CLANG_WARN_OBJC_IMPLICIT_RETAIN_SELF = YES;
				CLANG_WARN_OBJC_LITERAL_CONVERSION = YES;
				CLANG_WARN_OBJC_ROOT_CLASS = YES_ERROR;
				CLANG_WARN_QUOTED_INCLUDE_IN_FRAMEWORK_HEADER = YES;
				CLANG_WARN_RANGE_LOOP_ANALYSIS = YES;
				CLANG_WARN_STRICT_PROTOTYPES = YES;
				CLANG_WARN_SUSPICIOUS_MOVE = YES;
				CLANG_WARN_UNGUARDED_AVAILABILITY = YES_AGGRESSIVE;
				CLANG_WARN_UNREACHABLE_CODE = YES;
				CLANG_WARN__DUPLICATE_METHOD_MATCH = YES;
				COPY_PHASE_STRIP = NO;
				DEBUG_INFORMATION_FORMAT = "dwarf-with-dsym";
				ENABLE_NS_ASSERTIONS = NO;
				ENABLE_STRICT_OBJC_MSGSEND = YES;
				GCC_C_LANGUAGE_STANDARD = gnu11;
				GCC_NO_COMMON_BLOCKS = YES;
				GCC_WARN_64_TO_32_BIT_CONVERSION = YES;
				GCC_WARN_ABOUT_RETURN_TYPE = YES_ERROR;
				GCC_WARN_UNDECLARED_SELECTOR = YES;
				GCC_WARN_UNINITIALIZED_AUTOS = YES_AGGRESSIVE;
				GCC_WARN_UNUSED_FUNCTION = YES;
				GCC_WARN_UNUSED_VARIABLE = YES;
				IPHONEOS_DEPLOYMENT_TARGET = 16.1;
				MTL_ENABLE_DEBUG_INFO = NO;
				MTL_FAST_MATH = YES;
				SDKROOT = iphoneos;
				SWIFT_COMPILATION_MODE = wholemodule;
				SWIFT_OPTIMIZATION_LEVEL = "-O";
				VALIDATE_PRODUCT = YES;
			};
			name = Release;
		};
		653A257228338800005D4D48 /* Debug */ = {
			isa = XCBuildConfiguration;
			buildSettings = {
				ASSETCATALOG_COMPILER_APPICON_NAME = AppIcon;
				ASSETCATALOG_COMPILER_GLOBAL_ACCENT_COLOR_NAME = AccentColor;
				CODE_SIGN_IDENTITY = "Apple Development";
				CODE_SIGN_STYLE = Automatic;
				CURRENT_PROJECT_VERSION = 1;
				DEVELOPMENT_ASSET_PATHS = "";
				DEVELOPMENT_TEAM = "";
				ENABLE_PREVIEWS = YES;
				GENERATE_INFOPLIST_FILE = YES;
				INFOPLIST_FILE = CS342Application/Info.plist;
				INFOPLIST_KEY_UICS342ApplicationlicationSceneManifest_Generation = YES;
				INFOPLIST_KEY_UICS342ApplicationlicationSupportsIndirectInputEvents = YES;
				INFOPLIST_KEY_UILaunchScreen_Generation = YES;
				INFOPLIST_KEY_UISupportedInterfaceOrientations = UIInterfaceOrientationPortrait;
				INFOPLIST_KEY_UISupportedInterfaceOrientations_iPad = "UIInterfaceOrientationLandscapeLeft UIInterfaceOrientationLandscapeRight UIInterfaceOrientationPortrait UIInterfaceOrientationPortraitUpsideDown";
				IPHONEOS_DEPLOYMENT_TARGET = 16.1;
				LD_RUNPATH_SEARCH_PATHS = (
					"$(inherited)",
					"@executable_path/Frameworks",
				);
				MARKETING_VERSION = 1.0;
				PRODUCT_BUNDLE_IDENTIFIER = edu.stanford.cs3422023application;
				PRODUCT_NAME = "$(TARGET_NAME)";
				PROVISIONING_PROFILE_SPECIFIER = "";
				"SWIFT_ELicenseRef-CS342Application_LOC_STRINGS" = YES;
				SWIFT_VERSION = 5.0;
				TARGETED_DEVICE_FAMILY = "1,2";
			};
			name = Debug;
		};
		653A257328338800005D4D48 /* Release */ = {
			isa = XCBuildConfiguration;
			buildSettings = {
				ASSETCATALOG_COMPILER_APPICON_NAME = AppIcon;
				ASSETCATALOG_COMPILER_GLOBAL_ACCENT_COLOR_NAME = AccentColor;
				"CODE_SIGN_IDENTITY[sdk=iphoneos*]" = "iPhone Distribution";
				CODE_SIGN_STYLE = Manual;
				CURRENT_PROJECT_VERSION = 1;
				DEVELOPMENT_ASSET_PATHS = "";
				DEVELOPMENT_TEAM = "";
				"DEVELOPMENT_TEAM[sdk=iphoneos*]" = 637867499T;
				ENABLE_PREVIEWS = YES;
				GENERATE_INFOPLIST_FILE = YES;
				INFOPLIST_FILE = CS342Application/Info.plist;
				INFOPLIST_KEY_UICS342ApplicationlicationSceneManifest_Generation = YES;
				INFOPLIST_KEY_UICS342ApplicationlicationSupportsIndirectInputEvents = YES;
				INFOPLIST_KEY_UILaunchScreen_Generation = YES;
				INFOPLIST_KEY_UISupportedInterfaceOrientations = UIInterfaceOrientationPortrait;
				INFOPLIST_KEY_UISupportedInterfaceOrientations_iPad = "UIInterfaceOrientationLandscapeLeft UIInterfaceOrientationLandscapeRight UIInterfaceOrientationPortrait UIInterfaceOrientationPortraitUpsideDown";
				IPHONEOS_DEPLOYMENT_TARGET = 16.1;
				LD_RUNPATH_SEARCH_PATHS = (
					"$(inherited)",
					"@executable_path/Frameworks",
				);
				MARKETING_VERSION = 1.0;
				PRODUCT_BUNDLE_IDENTIFIER = edu.stanford.cs3422023application;
				PRODUCT_NAME = "$(TARGET_NAME)";
				PROVISIONING_PROFILE_SPECIFIER = "";
				"PROVISIONING_PROFILE_SPECIFIER[sdk=iphoneos*]" = CS3422023Application;
				"SWIFT_ELicenseRef-CS342Application_LOC_STRINGS" = YES;
				SWIFT_VERSION = 5.0;
				TARGETED_DEVICE_FAMILY = "1,2";
			};
			name = Release;
		};
		653A257528338800005D4D48 /* Debug */ = {
			isa = XCBuildConfiguration;
			buildSettings = {
				ALWAYS_EMBED_SWIFT_STANDARD_LIBRARIES = YES;
				BUNDLE_LOADER = "$(TEST_HOST)";
				CODE_SIGN_STYLE = Automatic;
				CURRENT_PROJECT_VERSION = 1;
				DEVELOPMENT_TEAM = 637867499T;
				GENERATE_INFOPLIST_FILE = YES;
				IPHONEOS_DEPLOYMENT_TARGET = 16.1;
				MARKETING_VERSION = 1.0;
				PRODUCT_BUNDLE_IDENTIFIER = com.schmiedmayer.CS342ApplicationTests;
				PRODUCT_NAME = "$(TARGET_NAME)";
				"SWIFT_ELicenseRef-CS342Application_LOC_STRINGS" = NO;
				SWIFT_VERSION = 5.0;
				TARGETED_DEVICE_FAMILY = "1,2";
				TEST_HOST = "$(BUILT_PRODUCTS_DIR)/CS342Application.app/CS342Application";
			};
			name = Debug;
		};
		653A257628338800005D4D48 /* Release */ = {
			isa = XCBuildConfiguration;
			buildSettings = {
				ALWAYS_EMBED_SWIFT_STANDARD_LIBRARIES = YES;
				BUNDLE_LOADER = "$(TEST_HOST)";
				CODE_SIGN_STYLE = Automatic;
				CURRENT_PROJECT_VERSION = 1;
				DEVELOPMENT_TEAM = 637867499T;
				GENERATE_INFOPLIST_FILE = YES;
				IPHONEOS_DEPLOYMENT_TARGET = 16.1;
				MARKETING_VERSION = 1.0;
				PRODUCT_BUNDLE_IDENTIFIER = com.schmiedmayer.CS342ApplicationTests;
				PRODUCT_NAME = "$(TARGET_NAME)";
				"SWIFT_ELicenseRef-CS342Application_LOC_STRINGS" = NO;
				SWIFT_VERSION = 5.0;
				TARGETED_DEVICE_FAMILY = "1,2";
				TEST_HOST = "$(BUILT_PRODUCTS_DIR)/CS342Application.app/CS342Application";
			};
			name = Release;
		};
		653A257828338800005D4D48 /* Debug */ = {
			isa = XCBuildConfiguration;
			buildSettings = {
				ALWAYS_EMBED_SWIFT_STANDARD_LIBRARIES = YES;
				CODE_SIGN_STYLE = Automatic;
				CURRENT_PROJECT_VERSION = 1;
				DEVELOPMENT_TEAM = 637867499T;
				GENERATE_INFOPLIST_FILE = YES;
				IPHONEOS_DEPLOYMENT_TARGET = 16.1;
				MARKETING_VERSION = 1.0;
				PRODUCT_BUNDLE_IDENTIFIER = com.schmiedmayer.CS342ApplicationUITests;
				PRODUCT_NAME = "$(TARGET_NAME)";
				"SWIFT_ELicenseRef-CS342Application_LOC_STRINGS" = NO;
				SWIFT_VERSION = 5.0;
				TARGETED_DEVICE_FAMILY = "1,2";
				TEST_TARGET_NAME = CS342Application;
			};
			name = Debug;
		};
		653A257928338800005D4D48 /* Release */ = {
			isa = XCBuildConfiguration;
			buildSettings = {
				ALWAYS_EMBED_SWIFT_STANDARD_LIBRARIES = YES;
				CODE_SIGN_STYLE = Automatic;
				CURRENT_PROJECT_VERSION = 1;
				DEVELOPMENT_TEAM = 637867499T;
				GENERATE_INFOPLIST_FILE = YES;
				IPHONEOS_DEPLOYMENT_TARGET = 16.1;
				MARKETING_VERSION = 1.0;
				PRODUCT_BUNDLE_IDENTIFIER = com.schmiedmayer.CS342ApplicationUITests;
				PRODUCT_NAME = "$(TARGET_NAME)";
				"SWIFT_ELicenseRef-CS342Application_LOC_STRINGS" = NO;
				SWIFT_VERSION = 5.0;
				TARGETED_DEVICE_FAMILY = "1,2";
				TEST_TARGET_NAME = CS342Application;
			};
			name = Release;
		};
/* End XCBuildConfiguration section */

/* Begin XCConfigurationList section */
		653A2548283387FE005D4D48 /* Build configuration list for PBXProject "CS342Application" */ = {
			isa = XCConfigurationList;
			buildConfigurations = (
				653A256F28338800005D4D48 /* Debug */,
				653A257028338800005D4D48 /* Release */,
			);
			defaultConfigurationIsVisible = 0;
			defaultConfigurationName = Release;
		};
		653A257128338800005D4D48 /* Build configuration list for PBXNativeTarget "CS342Application" */ = {
			isa = XCConfigurationList;
			buildConfigurations = (
				653A257228338800005D4D48 /* Debug */,
				653A257328338800005D4D48 /* Release */,
			);
			defaultConfigurationIsVisible = 0;
			defaultConfigurationName = Release;
		};
		653A257428338800005D4D48 /* Build configuration list for PBXNativeTarget "CS342ApplicationTests" */ = {
			isa = XCConfigurationList;
			buildConfigurations = (
				653A257528338800005D4D48 /* Debug */,
				653A257628338800005D4D48 /* Release */,
			);
			defaultConfigurationIsVisible = 0;
			defaultConfigurationName = Release;
		};
		653A257728338800005D4D48 /* Build configuration list for PBXNativeTarget "CS342ApplicationUITests" */ = {
			isa = XCConfigurationList;
			buildConfigurations = (
				653A257828338800005D4D48 /* Debug */,
				653A257928338800005D4D48 /* Release */,
			);
			defaultConfigurationIsVisible = 0;
			defaultConfigurationName = Release;
		};
/* End XCConfigurationList section */

/* Begin XCSwiftPackageProductDependency section */
		2324B680297D972200C8D549 /* RajPabari */ = {
			isa = XCSwiftPackageProductDependency;
			productName = RajPabari;
		};
		2F23F691296FB12A003FECF4 /* PaulSchmiedmayer */ = {
			isa = XCSwiftPackageProductDependency;
			productName = PaulSchmiedmayer;
		};
		2FC8A09A297A315300479145 /* OliverAalami */ = {
			isa = XCSwiftPackageProductDependency;
			productName = OliverAalami;
		};
		A11A0B09297F9C8600E03791 /* AndyWang */ = {
			isa = XCSwiftPackageProductDependency;
			productName = AndyWang;
		};
		ADC4123629811ACE008E7C56 /* AbhinavAgarwal */ = {
			isa = XCSwiftPackageProductDependency;
			productName = AbhinavAgarwal;
		};
     ABFEA6D8297C75FD00EF30AE /* AshleyGriffin */ = {
       isa = XCSwiftPackageProductDependency;
       productName = AshleyGriffin;
     };
/* End XCSwiftPackageProductDependency section */
	};
	rootObject = 653A2545283387FE005D4D48 /* Project object */;
}
